# Generated with Micromamba 2.8.1 from environment/cuda.yml
# platform: linux-64
@EXPLICIT
https://conda.anaconda.org/conda-forge/linux-64/_openmp_mutex-4.5-20_gnu.conda#1dd3fffd892081df9726d7eb7e0dea6198962ba775bd88842135a4ddb4deb3c9
https://conda.anaconda.org/conda-forge/linux-64/autoconf-2.72-pl5321hbb4ee43_1.conda#8297a545b15576a899ffc0293a9b25c7d9895e155c61d96f266d38c3c46640cb
https://conda.anaconda.org/conda-forge/linux-64/autoconf-archive-2021.02.19-ha770c72_0.tar.bz2#e32720491a030f20d8820b0121bb17f6fc75f7e1e97465e86b0f6094a5c06723
https://conda.anaconda.org/conda-forge/noarch/autograd-1.9.1-pyhd8ed1ab_0.conda#424731f434698c0ff937eec4010c94b75fda29394816dc1ec34f94d605b39629
https://conda.anaconda.org/conda-forge/linux-64/automake-1.17-pl5321ha770c72_0.conda#b5c383c4b95c405796c309d9149ae4dd314eab1e8cb0ba1925f0c8f7c304dd26
https://conda.anaconda.org/conda-forge/linux-64/binutils-2.46.1-default_h4852527_102.conda#659c367ef49df7741749a2ad240b007d7df51b4f210505a78543deafb001e44c
https://conda.anaconda.org/conda-forge/linux-64/binutils_impl_linux-64-2.46.1-default_hfdba357_102.conda#fb7bf36984a37ce7e4714d1d1da0bd0e3bfc679520f5cdc184afc676fd4b5da2
https://conda.anaconda.org/conda-forge/linux-64/binutils_linux-64-2.46.1-default_h4852527_102.conda#08d7238663fc408ba2ab60b02fa3d06a7ca9d872962e03e90c7e0fdecb7ed1d0
https://conda.anaconda.org/conda-forge/linux-64/brotli-1.2.0-hed03a55_1.conda#e511644d691f05eb12ebe1e971fd6dc3ae55a4df5c253b4e1788b789bdf2dfa6
https://conda.anaconda.org/conda-forge/linux-64/brotli-bin-1.2.0-hb03c661_1.conda#64b137f30b83b1dd61db6c946ae7511657eead59fdf74e84ef0ded219605aa94
https://conda.anaconda.org/conda-forge/linux-64/bzip2-1.0.8-hda65f42_9.conda#0b75d45f0bba3e95dc693336fa51f40ea28c980131fec438afb7ce6118ed05f6
https://conda.anaconda.org/conda-forge/linux-64/c-ares-1.34.8-hb03c661_0.conda#dee93a82d045f9aa8277829aa465224afa3c7a6ac18388de66099b2be7f705e7
https://conda.anaconda.org/conda-forge/linux-64/c-compiler-1.7.0-hd590300_1.conda#4213b6cbaed673c07f8b79c089f3487afdd56de944f21c4861ead862b7657eb4
https://conda.anaconda.org/conda-forge/noarch/ca-certificates-2026.7.22-hbd8a1cb_0.conda#0a0544cf95f64394fe4959286f5c71f5444ad58feb0602e53becb27448d24da6
https://conda.anaconda.org/conda-forge/noarch/cached-property-1.5.2-hd8ed1ab_2.conda#0d00dd61cb91b1bd1536600c64c9db4f94f3c699fec42864d0a2f4bc2ad8c3e8
https://conda.anaconda.org/conda-forge/noarch/cached_property-1.5.2-pyha770c72_2.conda#b1808a7811b5688d045b204425bb7ee824b340b40025b4ad0a39b4db1f4f1c98
https://conda.anaconda.org/conda-forge/linux-64/cairo-1.18.4-he90730b_1.conda#06525fa0c4e4f56e771a3b986d0fdf0f0fc5a3270830ee47e127a5105bde1b9a
https://conda.anaconda.org/conda-forge/linux-64/ccache-4.13.6-hedf47ba_0.conda#552639ac2f3d28d93053fa91cd828186730d9ae0a4d7c1dcc40efe8d7cd026ce
https://conda.anaconda.org/conda-forge/linux-64/cmake-4.4.1-hc85cc9f_0.conda#c18d2b8228cba4ef5e28d2a8a255d3905471404a4643389ebc41b835db3e90d4
https://conda.anaconda.org/conda-forge/noarch/colorama-0.4.6-pyhd8ed1ab_1.conda#ab29d57dc70786c1269633ba3dff20288b81664d3ff8d21af995742e2bb03287
https://conda.anaconda.org/conda-forge/linux-64/contourpy-1.3.3-py311h724c32c_4.conda#fd7aca059253cff3d8b0aec71f0c1bf2904823b13f1997bf222aea00a76f3cce
https://conda.anaconda.org/conda-forge/noarch/cuda-cccl_linux-64-12.4.127-ha770c72_2.conda#b97bb30412c13bf0fd6211d75a35d69c882c482347962b1b55dcdbb959d13f1e
https://conda.anaconda.org/conda-forge/noarch/cuda-crt-dev_linux-64-12.4.131-ha770c72_1.conda#bf7444effc218208dafafc8b4360636fc3bdf5a16c9745e328728ed0d1cb6b1d
https://conda.anaconda.org/conda-forge/linux-64/cuda-crt-tools-12.4.131-ha770c72_1.conda#a9b025907701d8255322a0f99d8b6c74d1239290b9cf041cb41691aa5403d2d0
https://conda.anaconda.org/conda-forge/linux-64/cuda-cudart-12.4.127-he02047a_2.conda#d8ad0be647dad6378119c110572bbf9f6b1e8c820393ed159d45f02588979c07
https://conda.anaconda.org/conda-forge/linux-64/cuda-cudart-dev-12.4.127-he02047a_2.conda#bcc96ee95f9723d0cdacce9684e3dec83402b92ceb36c800e3571ff2d12704fc
https://conda.anaconda.org/conda-forge/noarch/cuda-cudart-dev_linux-64-12.4.127-h85509e4_2.conda#49075eec8fed540bee60a63c0152e62ec1d2e85be00856bd85dc2de7f50a5675
https://conda.anaconda.org/conda-forge/linux-64/cuda-cudart-static-12.4.127-he02047a_2.conda#7f1e60ef6c8e098a9c3381aa27bf30d482224b4ecb571bb07050fdf51a2e2631
https://conda.anaconda.org/conda-forge/noarch/cuda-cudart-static_linux-64-12.4.127-h85509e4_2.conda#87ad697c56aa4cbc6aa955f337caf440e20f0abd0056d516e17d85dd2afbeed9
https://conda.anaconda.org/conda-forge/noarch/cuda-cudart_linux-64-12.4.127-h85509e4_2.conda#1f1b3e0bf6b5e665860ecbdf509c1e02760c14d25e3f3893a712f90f7f8a5abc
https://conda.anaconda.org/conda-forge/noarch/cuda-driver-dev_linux-64-12.4.127-h85509e4_2.conda#78f2e2c767ff3e71c6cb38eb5055fd72b7fc1cf58ab16113272b45306992c9ae
https://conda.anaconda.org/conda-forge/linux-64/cuda-nvcc-12.4.131-hcdd1206_1.conda#7dd76570ea0046694bc5daea814dcef5afe6bdffb73fcb097dfda52059db9df3
https://conda.anaconda.org/conda-forge/noarch/cuda-nvcc-dev_linux-64-12.4.131-ha770c72_1.conda#c645daf86bf62b0197379b40630f3d6e32d41dda826dc743dc932bd33fca6ec4
https://conda.anaconda.org/conda-forge/linux-64/cuda-nvcc-impl-12.4.131-hd3aeb46_1.conda#ad256a39454767c9380c3998529c6c9d0886d532b57cd0b91e9bc77b6f2d32b9
https://conda.anaconda.org/conda-forge/linux-64/cuda-nvcc-tools-12.4.131-hd3aeb46_1.conda#cf9c9d2267bb13abc8fb2aa66f9e8a1f4ac2ac8ec32ac7c3f600364b97bb5713
https://conda.anaconda.org/conda-forge/linux-64/cuda-nvcc_linux-64-12.4.131-h8a487aa_1.conda#07132164fcb98ec6444d37a6bca1265e2847005de4db1eda054441bde6a7d670
https://conda.anaconda.org/conda-forge/noarch/cuda-nvvm-dev_linux-64-12.4.131-ha770c72_1.conda#97dbb12ad6f000022a9d87417c2738bc05658c1c9cd195ba422d97bda839c6a8
https://conda.anaconda.org/conda-forge/linux-64/cuda-nvvm-impl-12.4.131-h59595ed_1.conda#ef340007cb8380e667d34399ebb0d8505c4ff721743643383dafd57192bcb2c6
https://conda.anaconda.org/conda-forge/linux-64/cuda-nvvm-tools-12.4.131-h59595ed_1.conda#e02ef8d275b4a4498a9038c155cdf75f52bc4958d595f77cfc2596cfa81f5e5e
https://conda.anaconda.org/conda-forge/noarch/cuda-version-12.4-h3060b56_3.conda#571d32fbd0dc8df6e85c14d1757549927e272af9c70b935d7e3a553ab0b0b4da
https://conda.anaconda.org/conda-forge/linux-64/cxx-compiler-1.7.0-h00ab1b0_1.conda#cf895938292cfd4cfa2a06c6d57aa25c33cc974d4ffe52e704ffb67f5577b93f
https://conda.anaconda.org/conda-forge/noarch/cycler-0.12.1-pyhcf101f3_2.conda#bb47aec5338695ff8efbddbc669064a3b10fe34ad881fb8ad5d64fbfa6910ed1
https://conda.anaconda.org/conda-forge/noarch/exceptiongroup-1.3.1-pyhd8ed1ab_0.conda#ee6cf346d017d954255bbcbdb424cddea4d14e4ed7e9813e429db1d795d01144
https://conda.anaconda.org/conda-forge/linux-64/fftw-3.3.11-nompi_h3b011a4_100.conda#6fd5d681fba20adaca771f138ac52dbf0a52e0dc2ac31b9ce7406068d102a9a7
https://conda.anaconda.org/conda-forge/linux-64/flatbuffers-25.9.23-hb7d4c21_0.conda#e5f90c2fd61012d6ad332657a5bf5455620f0db8524f0b005d91e1c2737bad69
https://conda.anaconda.org/conda-forge/noarch/font-ttf-dejavu-sans-mono-2.37-hab24e00_0.tar.bz2#58d7f40d2940dd0a8aa28651239adbf5613254df0f75789919c4e6762054403b
https://conda.anaconda.org/conda-forge/noarch/font-ttf-inconsolata-3.000-h77eed37_0.tar.bz2#c52a29fdac682c20d252facc50f01e7c2e7ceac52aa9817aaf0bb83f7559ec5c
https://conda.anaconda.org/conda-forge/noarch/font-ttf-source-code-pro-2.038-h77eed37_0.tar.bz2#00925c8c055a2275614b4d983e1df637245e19058d79fc7dd1a93b8d9fb4b139
https://conda.anaconda.org/conda-forge/noarch/font-ttf-ubuntu-0.83-h77eed37_3.conda#2821ec1dc454bd8b9a31d0ed22a7ce22422c0aef163c59f49dfdf915d0f0ca14
https://conda.anaconda.org/conda-forge/linux-64/fontconfig-2.18.2-h27c8c51_0.conda#d77a47bc2b340b997c680241751e581672d1d0377a680eaf0b19026f013f56b7
https://conda.anaconda.org/conda-forge/noarch/fonts-conda-ecosystem-1-0.tar.bz2#a997f2f1921bb9c9d76e6fa2f6b408b7fa549edd349a77639c9fe7a23ea93e61
https://conda.anaconda.org/conda-forge/noarch/fonts-conda-forge-1-hc364b38_1.conda#54eea8469786bc2291cc40bca5f46438d3e062a399e8f53f013b6a9f50e98333
https://conda.anaconda.org/conda-forge/linux-64/fonttools-4.63.0-py311h3778330_0.conda#ce5004df66a6bf4e3d634850ab43471b98700291065281eb1982eb54b7bf7d85
https://conda.anaconda.org/conda-forge/linux-64/fortran-compiler-1.7.0-heb67821_1.conda#4293677cdf4c54d13659a3f9ac15cae778310811c62add29bb2e70630756317a
https://conda.anaconda.org/conda-forge/linux-64/freetype-2.14.3-ha770c72_0.conda#c934c385889c7836f034039b43b05ccfa98f53c900db03d8411189892ced090b
https://conda.anaconda.org/conda-forge/linux-64/fribidi-1.0.16-hb03c661_0.conda#858283ff33d4c033f4971bf440cebff217d5552a5222ba994c49be990dacd40d
https://conda.anaconda.org/conda-forge/linux-64/gcc-12.4.0-h236703b_2.conda#ebe2dabb0a6f0ef05039d3a26b9c6b0aa050d7e791c6ab77ee91653b2098cdc3
https://conda.anaconda.org/conda-forge/linux-64/gcc_impl_linux-64-12.4.0-h26ba24d_2.conda#635cd3d70ca6f4c3ad3f4b5837b5badb058f2416392592bd5914aa805f0bc28e
https://conda.anaconda.org/conda-forge/linux-64/gcc_linux-64-12.4.0-h6b7512a_10.conda#004d2ed6a3fc79452dec4c6cac556d0b26cf2457d33c4ace95beed4e6e832b55
https://conda.anaconda.org/conda-forge/linux-64/gfortran-12.4.0-h236703b_2.conda#ec95078f3110feb6cd5916d01b8f5464c309a60d81456100d1f402049ce2ec9d
https://conda.anaconda.org/conda-forge/linux-64/gfortran_impl_linux-64-12.4.0-h61783b2_2.conda#d2821162605181b2fb2388b695f19369e02869ad341d63a6a3e3f50668a1a76e
https://conda.anaconda.org/conda-forge/linux-64/gfortran_linux-64-12.4.0-hd748a6a_10.conda#af239f67b34e7899baec5298b242727be3fb5e16f925890e9c6f48aa5013f243
https://conda.anaconda.org/conda-forge/linux-64/graphite2-1.3.15-hecca717_0.conda#885fa7d1d7e2ad9ed0a700ee0d81ceb49de278253082d517959b22d6336eecce
https://conda.anaconda.org/conda-forge/linux-64/gdstk-1.0.1-py311h8443b23_0.conda#27e44f53fa3da90b5f66bd2000d3bbd63ea19080b40abc5355dce42a29c65ed6
https://conda.anaconda.org/conda-forge/linux-64/gsl-2.8-hbf7d49c_1.conda#f923af07c3a3db746d3be8efebdaa9c819a6007ee3cc12445cee059641611e05
https://conda.anaconda.org/conda-forge/linux-64/gxx-12.4.0-h236703b_2.conda#6c3ea9877dc6babf064bafacd9e67280072b676864c26e90cbfec52eaa32a60e
https://conda.anaconda.org/conda-forge/linux-64/gxx_impl_linux-64-12.4.0-h3ff227c_2.conda#548987d77c5d6d648c1166e9a1eb810032f25fb1d61692a0a5a072db126e5f3f
https://conda.anaconda.org/conda-forge/linux-64/gxx_linux-64-12.4.0-h8489865_10.conda#6ea7b3957ace8960347069f032851a66755b785a5e34cd845c1b6b1e649b686e
https://conda.anaconda.org/conda-forge/linux-64/h5py-3.16.0-nompi_py311h0b2f468_102.conda#61e3adb8218d57a2e7a91c7b4b4d338c3c0d23432ef0f2ed5bfc8d51f73735f3
https://conda.anaconda.org/conda-forge/linux-64/harminv-1.4.3-h63ef21f_0.conda#5f51a765e107cb2a0bc069eb020c40a69ca90fbd15411792b484d33c8654b6e1
https://conda.anaconda.org/conda-forge/linux-64/hdf5-1.14.6-nompi_h19486de_110.conda#ac57ce3abbda2a82d6192bc36fbd7fe96e867d84c999ef81a3da034dfd01a995
https://conda.anaconda.org/conda-forge/linux-64/icu-78.3-h54a6638_2.conda#d7c260b7e1cf22ce04d6ba8a86eabf4e6c50bc96a5c27fe2ecb32298af3e88eb
https://conda.anaconda.org/conda-forge/noarch/importlib-metadata-9.0.0-pyhcf101f3_0.conda#43e2a5497cad1598ff88a3e69f69bc88b7b8f141fa63c60eab5db296317318b8
https://conda.anaconda.org/conda-forge/noarch/iniconfig-2.3.0-pyhd8ed1ab_0.conda#e1a9e3b1c8fe62dc3932a616c284b5d8cbe3124bbfbedcf4ce5c828cb166ee19
https://conda.anaconda.org/conda-forge/noarch/jax-0.10.2-pyhd8ed1ab_0.conda#c63764f3f6aaa7bdd2f4b3bc1c297f946ae7e5503d0d3a4ca225ba4dff3fc25b
https://conda.anaconda.org/conda-forge/linux-64/jaxlib-0.10.2-cpu_py311hceffaa2_0.conda#0b51bff46ff6b3e4fb02c8384f1abd761cc6d74a52df18af70521d1797d6778b
https://conda.anaconda.org/conda-forge/noarch/kernel-headers_linux-64-6.12.0-he073ed8_6.conda#73b11f31db6c9ebe63d900334fa4f46859aa1ddd8f37cfa5f25a043e0a59253c
https://conda.anaconda.org/conda-forge/linux-64/keyutils-1.6.3-hb9d3cd8_0.conda#0960d06048a7185d3542d850986d807c6e37ca2e644342dd0c72feefcf26c2a4
https://conda.anaconda.org/conda-forge/linux-64/kiwisolver-1.5.0-py311h724c32c_0.conda#3ff7e51c88f53f05e22ca5549e935d1ccb398665f6ec080a9c6a5c9e9b186b79
https://conda.anaconda.org/conda-forge/linux-64/krb5-1.22.2-hbde042b_1.conda#9b07046870772f28740e3f6149f09ff222843733087a33c5540b169c6289652d
https://conda.anaconda.org/conda-forge/linux-64/lcms2-2.19.1-h0c24ade_1.conda#112b5b9462572d970f4abd2912f76a25ee7db158b1e7260163d91dd8a630db84
https://conda.anaconda.org/conda-forge/linux-64/ld_impl_linux-64-2.46.1-default_hbd61a6d_102.conda#27d83f1188cd19bcb7754a078b3fa7f4cfb8527f8eb2fde54dd01fc529d1adec
https://conda.anaconda.org/conda-forge/linux-64/lerc-4.2.0-hdb68285_0.conda#bf9fdebf55d8bc99d83531cdffda00703f4dc5f93a1a956768c147362c72feda
https://conda.anaconda.org/conda-forge/linux-64/libabseil-20260107.1-cxx17_h7b12aa8_0.conda#a7a4481a4d217a3eadea0ec489826a69070fcc3153f00443aa491ed21527d239
https://conda.anaconda.org/conda-forge/linux-64/libaec-1.1.5-h088129d_0.conda#822e4ae421a7e9c04e841323526321185f6659222325e1a9aedec811c686e688
https://conda.anaconda.org/conda-forge/linux-64/libblas-3.11.0-8_h4a7cf45_openblas.conda#b2da6bfd72a1c9cb143ccf64bf5b28790cb4eb58bd1cb978f6537b2322f7d48b
https://conda.anaconda.org/conda-forge/linux-64/libbrotlicommon-1.2.0-hb03c661_1.conda#318f36bd49ca8ad85e6478bd8506c88d82454cc008c1ac1c6bf00a3c42fa610e
https://conda.anaconda.org/conda-forge/linux-64/libbrotlidec-1.2.0-hb03c661_1.conda#12fff21d38f98bc446d82baa890e01fd82e3b750378fedc720ff93522ffb752b
https://conda.anaconda.org/conda-forge/linux-64/libbrotlienc-1.2.0-hb03c661_1.conda#a0c15c79997820bbd3fbc8ecf146f4fe0eca36cc60b62b63ac6cf78857f1dd0d
https://conda.anaconda.org/conda-forge/linux-64/libcblas-3.11.0-8_h0358290_openblas.conda#1a2bc77bb26520255904a3d9b1f40e6bf0bf9d8d3405c7709dd162282820915a
https://conda.anaconda.org/conda-forge/linux-64/libctl-4.7.1-hb03c661_0.conda#af949cf73d52a050109e73701023c15b543c63ee8033a24718fb288eabaf2d3c
https://conda.anaconda.org/conda-forge/linux-64/libcurl-8.21.0-hae6b9f4_2.conda#ba8354084b34fce56d5697982fce4a384c148e972e15c0ab891187617fe7ec29
https://conda.anaconda.org/conda-forge/linux-64/libdeflate-1.25-h17f619e_0.conda#aa8e8c4be9a2e81610ddf574e05b64ee131fab5e0e3693210c9d6d2fba32c680
https://conda.anaconda.org/conda-forge/linux-64/libedit-3.1.20250104-pl5321h7949ede_0.conda#d789471216e7aba3c184cd054ed61ce3f6dac6f87a50ec69291b9297f8c18724
https://conda.anaconda.org/conda-forge/linux-64/libev-4.33-hd590300_2.conda#1cd6048169fa0395af74ed5d8f1716e22c19a81a8a36f934c110ca3ad4dd27b4
https://conda.anaconda.org/conda-forge/linux-64/libexpat-2.8.1-hecca717_1.conda#16feffd9ddbbe5b718515d38ee376c685ba95491cd901244e24671d20b952a77
https://conda.anaconda.org/conda-forge/linux-64/libffi-3.5.2-h3435931_0.conda#31f19b6a88ce40ebc0d5a992c131f57d919f73c0b92cd1617a5bec83f6e961e6
https://conda.anaconda.org/conda-forge/linux-64/libfreetype-2.14.3-ha770c72_0.conda#38f014a7129e644636e46064ecd6b1945e729c2140e21d75bb476af39e692db2
https://conda.anaconda.org/conda-forge/linux-64/libfreetype6-2.14.3-h73754d4_0.conda#16f020f96da79db1863fcdd8f2b8f4f7d52f177dd4c58601e38e9182e91adf1d
https://conda.anaconda.org/conda-forge/linux-64/libgcc-16.1.0-ha9f2e26_1.conda#d5cb8475131c31680f8fd30512c418f373064e272e452063276a8fb14c9fa42f
https://conda.anaconda.org/conda-forge/noarch/libgcc-devel_linux-64-12.4.0-h1762d19_102.conda#4f8486faaa5696a4115a621100acda0f64b49631f2c4bc6046e0f72496348d76
https://conda.anaconda.org/conda-forge/linux-64/libgcc-ng-16.1.0-h69a702a_1.conda#225275c562337a1cd61705da0ee4235dde7bba7504de1c34b74c894adb2b0eee
https://conda.anaconda.org/conda-forge/linux-64/libgfortran-16.1.0-h69a702a_1.conda#9e82d410a50bd4e5e47cbbb026454c3eb543954baca4db23929575b571bf56a3
https://conda.anaconda.org/conda-forge/linux-64/libgfortran5-16.1.0-h79bb938_1.conda#05078ab464d506dff971860cb1a553b35bc27c0b5ce8ec29b8bfaca5f2359652
https://conda.anaconda.org/conda-forge/linux-64/libglib-2.88.2-h0d30a3d_0.conda#4bee10e62796f01e4fa2b5849135b1cc061337fe9cf5eb9bd79e9664922ae0e4
https://conda.anaconda.org/conda-forge/linux-64/libgomp-16.1.0-he0feb66_1.conda#62cb599ad0539d99386515326d9d5e8f51f75a60c69c2131b21df76edf35bd89
https://conda.anaconda.org/conda-forge/linux-64/libgrpc-1.78.1-h1d1128b_0.conda#5bb935188999fd70f67996746fd2dca85ec6204289e11695c316772e19451eb8
https://conda.anaconda.org/conda-forge/linux-64/libharfbuzz-14.2.1-h17a8019_1.conda#821c315f6b5171aa89e735be2ad84e74eb3f898fc7610ee36cfecd95dfa789e8
https://conda.anaconda.org/conda-forge/linux-64/libhiredis-1.3.0-h5888daf_1.conda#5638e321719590b00826d218431d5028d1a22a76f281532ce621d9a40d5e0f42
https://conda.anaconda.org/conda-forge/linux-64/libiconv-1.18-h3b78370_2.conda#c467851a7312765447155e071752d7bf9bf44d610a5687e32706f480aad2833f
https://conda.anaconda.org/conda-forge/linux-64/libjpeg-turbo-3.2.0-hb03c661_0.conda#716332fd31b3808da7a4235a05212a9e9da05e854864c3def2dea0b5d2bf7610
https://conda.anaconda.org/conda-forge/linux-64/liblapack-3.11.0-8_h47877c9_openblas.conda#168e327d737059553e15cc6ec36d76b9bbb3931c2a7721555fd68b4c9348b247
https://conda.anaconda.org/conda-forge/linux-64/libltdl-2.4.3a-h5888daf_0.conda#7620c6425d4491e17083106ca49624448fc16186c30a93cf2b58f862bba416d1
https://conda.anaconda.org/conda-forge/linux-64/liblzma-5.8.3-hb03c661_0.conda#ec30e52a3c1bf7d0425380a189d209a52baa03f22fb66dd3eb587acaa765bd6d
https://conda.anaconda.org/conda-forge/linux-64/libnghttp2-1.68.1-h877daf1_0.conda#663444d77a42f2265f54fb8b48c5450bfff4388d9c0f8253dd7855f0d993153f
https://conda.anaconda.org/conda-forge/linux-64/libnsl-2.0.1-hb9d3cd8_1.conda#927fe72b054277cde6cb82597d0fcf6baf127dcbce2e0a9d8925a68f1265eef5
https://conda.anaconda.org/conda-forge/linux-64/libopenblas-0.3.33-pthreads_h94d23a6_0.conda#3d9aa85648e5e18a6d66db98b8c4317cc426721ad7a220aa86330d1ccedc8903
https://conda.anaconda.org/conda-forge/linux-64/libpng-1.6.58-h421ea60_0.conda#377cfe037f3eeb3b1bf3ad333f724a64d32f315ee1958581fc671891d63d3f89
https://conda.anaconda.org/conda-forge/linux-64/libprotobuf-6.33.5-h538a264_2.conda#eb296398f05e3c1d0df2b616e7dd58b1d764540b5241ecf796480cdf82b29d2a
https://conda.anaconda.org/conda-forge/linux-64/libpsl-0.22.0-hf670292_2.conda#a9fcbf3d64be6e0c587dd6135f6d720e1569972692d42bff6c013cd5056ac23d
https://conda.anaconda.org/conda-forge/linux-64/libraqm-0.11.0-h6406941_0.conda#ab3ccb9fd5816f76b18ee8974d359cd2605ca87d8ddef55369dc461b9986f95c
https://conda.anaconda.org/conda-forge/linux-64/libre2-11-2025.11.05-h0dc7533_1.conda#138fc85321a8c0731c1715688b38e2be4fb71db349c9ab25f685315095ae70ff
https://conda.anaconda.org/conda-forge/linux-64/libsanitizer-12.4.0-ha732cd4_2.conda#d9a23eee55fc2a901e67565c328c37e7c2336ca805d985ad4a67b7837fb4e40a
https://conda.anaconda.org/conda-forge/linux-64/libsqlite-3.53.4-hf4e2dac_0.conda#72023efc207fe681e26b65fc9d668062cf0b4f0eacf3431e6eb099b95c1f2efd
https://conda.anaconda.org/conda-forge/linux-64/libssh2-1.11.1-hcf80075_0.conda#fa39bfd69228a13e553bd24601332b7cfeb30ca11a3ca50bb028108fe90a7661
https://conda.anaconda.org/conda-forge/linux-64/libstdcxx-16.1.0-h934c35e_1.conda#79721dd08aeb0ab9e773f1f9ef41cf4e6c17477e3d72319147619045bce05a09
https://conda.anaconda.org/conda-forge/noarch/libstdcxx-devel_linux-64-12.4.0-h1762d19_102.conda#5e86d884d6877ce428d90a484cdc66d5968bf81dc189393239c43fe9b831da7d
https://conda.anaconda.org/conda-forge/linux-64/libstdcxx-ng-16.1.0-hdf11a46_1.conda#2876ca4463d1b394eb969ce4a84d1620aa63fb8202a6397837d1e45ec76c1208
https://conda.anaconda.org/conda-forge/linux-64/libtiff-4.7.2-h9d88235_0.conda#b31346e1c01ab40a170e91147092ee8fd92b1dee3c66ee47ef025571c879b159
https://conda.anaconda.org/conda-forge/linux-64/libtool-2.5.4-h5888daf_0.conda#c8245c70ba5b075e0cd61f430afbda00b60931603ed4ea31ce89e7fe930e4e3d
https://conda.anaconda.org/conda-forge/linux-64/libuuid-2.42.2-h5347b49_0.conda#9b1bdce27a7e31f7d241aeecff67a1f3101d52a2b1e33ccc2cdf2613072bf81f
https://conda.anaconda.org/conda-forge/linux-64/libuv-1.52.1-h280c20c_0.conda#e28e4519223f78b3163599ca89c3f2d80bfb53e907e7fc74e806e60d1efa578b
https://conda.anaconda.org/conda-forge/linux-64/libwebp-base-1.6.0-hd42ef1d_0.conda#3aed21ab28eddffdaf7f804f49be7a7d701e8f0e46c856d801270b470820a37b
https://conda.anaconda.org/conda-forge/linux-64/libxcb-1.17.0-h8a09558_0.conda#666c0c431b23c6cec6e492840b176dde533d48b7e6fb8883f5071223433776aa
https://conda.anaconda.org/conda-forge/linux-64/libxcrypt-4.4.36-hd590300_1.conda#6ae68e0b86423ef188196fff6207ed0c8195dd84273cb5623b85aa08033a410c
https://conda.anaconda.org/conda-forge/linux-64/libzlib-1.3.2-h25fd6f3_3.conda#eb8a0db0aa570124f7d2a93d7c7f596e3390df5e047818d873baad32985fc736
https://conda.anaconda.org/conda-forge/linux-64/m4-1.4.21-hb03c661_0.conda#5602528aaeb58b02259d68bdc8eca934a18e449df8bf8f904c039c9749e3514c
https://conda.anaconda.org/conda-forge/linux-64/make-4.4.1-hb9d3cd8_2.conda#d652c7bd4d3b6f82b0f6d063b0d8df6f54cc47531092d7ff008e780f3261bdda
https://conda.anaconda.org/conda-forge/linux-64/matplotlib-base-3.11.1-py311he401cf6_2.conda#f9f48162f2553080d041b061b9f6cfec64d79d7c40df0e6379496f9ad2df738c
https://conda.anaconda.org/conda-forge/linux-64/mpb-1.12.0-nompi_h9b57f5a_105.conda#abc699a285fecd1ba5d839797b78e074967f342d2d8480b3fc8f8e25f1c1b6eb
https://conda.anaconda.org/conda-forge/linux-64/ml_dtypes-0.5.4-np2py311h912ec1f_1.conda#0b9b24d1d6da203729d75c74c531a632e965d0a5a973da964b666637948f5a0b
https://conda.anaconda.org/conda-forge/noarch/munkres-1.1.4-pyhd8ed1ab_1.conda#d09c47c2cf456de5c09fa66d2c3c5035aa1fa228a1983a433c47b876aa16ce90
https://conda.anaconda.org/conda-forge/linux-64/ncurses-6.6-hdb14827_0.conda#fc89f74bbe362fb29fa3c037697a89bec140b346a2469a90f7936d1d7ea4d8a3
https://conda.anaconda.org/conda-forge/linux-64/ninja-1.13.2-h171cf75_0.conda#6f7d59dbec0a7b00bf5d103a4306e8886678b796ff2151b62452d4582b2a53fb
https://conda.anaconda.org/conda-forge/linux-64/nlopt-2.11.0-np2py311h912ec1f_1.conda#135f0e38a6ea84a5333a18c40cda2282407bb56e79aafae2cd663b0ad04ebfb2
https://conda.anaconda.org/conda-forge/linux-64/numpy-2.4.6-py311h2e04523_0.conda#8e8fb64c1a51282e8940d57d116aec54a4d66da59594973ae9c0b35d419b9a81
https://conda.anaconda.org/conda-forge/linux-64/onednn-3.12-threadpool_h77e0eb8_0.conda#5ea89f2055bbf5749ed9caf357e92c5d7470d9a8ffb46414411e49e9127ee04e
https://conda.anaconda.org/conda-forge/linux-64/onednn-cpu-threadpool-3.12-threadpool_hc2f90bd_0.conda#3fd55525a5449553618eab86703be7156b1cb4993756aee38ae323ff0b57d253
https://conda.anaconda.org/conda-forge/linux-64/openjpeg-2.5.4-h55fea9a_0.conda#3900f9f2dbbf4129cf3ad6acf4e4b6f7101390b53843591c53b00f034343bc4d
https://conda.anaconda.org/conda-forge/linux-64/openssl-3.6.3-h35e630c_0.conda#d48f5c22b9897c01e4dff3680f1f57ceb02711ab9c62f74339b080419dfad34b
https://conda.anaconda.org/conda-forge/noarch/opt_einsum-3.4.0-pyhd8ed1ab_1.conda#af71aabb2bfa4b2c89b7b06403e5cec23b418452cae9f9772bd7ac3f9ea1ff44
https://conda.anaconda.org/conda-forge/noarch/packaging-26.2-pyhc364b38_0.conda#3906abfb6511a3bb309e39b9b1b7bc38f50a723971de2395489fd1f379255890
https://conda.anaconda.org/conda-forge/noarch/parameterized-0.9.0-pyhd8ed1ab_1.conda#16623cb4e460a7663886678b408c0624f4bae7032e32c4d310d7862ad8359e28
https://conda.anaconda.org/conda-forge/linux-64/pcre2-10.47-haa7fec5_0.conda#5e6f7d161356fefd981948bea5139c5aa0436767751a6930cb1ca801ebb113ff
https://conda.anaconda.org/conda-forge/linux-64/perl-5.32.1-7_hd590300_perl5.conda#9ec32b6936b0e37bcb0ed34f22ec3116e75b3c0964f9f50ecea5f58734ed6ce9
https://conda.anaconda.org/conda-forge/linux-64/pillow-12.3.0-py311hf88fc01_0.conda#fc8a6dbcf1f367cc33ae6d505370b8d9d51ca5eae9b53bf1517307f863300d27
https://conda.anaconda.org/conda-forge/noarch/pip-26.1.2-pyh8b19718_0.conda#29b7d75bf81ad11645a8e320b369abdc90a92b93f2a9178e853d9dddf82e5106
https://conda.anaconda.org/conda-forge/linux-64/pixman-0.46.4-h54a6638_2.conda#9e5b5be056820ade8b09ef73cf9f4bea037eb9887145d0297ac99e0add88878d
https://conda.anaconda.org/conda-forge/linux-64/pkg-config-0.29.2-h4bc722e_1009.conda#c9601efb1af5391317e04eca77c6fe4d716bf1ca1ad8da2a05d15cb7c28d7d4e
https://conda.anaconda.org/conda-forge/noarch/pluggy-1.6.0-pyhf9edf01_1.conda#e14aafa63efa0528ca99ba568eaf506eb55a0371d12e6250aaaa61718d2eb62e
https://conda.anaconda.org/conda-forge/linux-64/pthread-stubs-0.4-hb9d3cd8_1002.conda#9c88f8c64590e9567c6c80823f0328e58d3b1efb0e1c539c0315ceca764e0973
https://conda.anaconda.org/conda-forge/noarch/pygments-2.20.0-pyhd8ed1ab_0.conda#cf70b2f5ad9ae472b71235e5c8a736c9316df3705746de419b59d442e8348e86
https://conda.anaconda.org/conda-forge/noarch/pyparsing-3.3.2-pyhcf101f3_0.conda#417fba4783e528ee732afa82999300859b065dc59927344b4859c64aae7182de
https://conda.anaconda.org/conda-forge/noarch/pytest-9.1.1-pyhc364b38_2.conda#430051d80765207a7d782b2b188230ba1489d35c6e75fd9903f76cb9fda4af16
https://conda.anaconda.org/conda-forge/linux-64/python-3.11.15-h7508c33_1_cpython.conda#e830c8c69605674a997ee280d79c0f05ff5c1ed80ce3743678b2f663f410dfb9
https://conda.anaconda.org/conda-forge/noarch/python-dateutil-2.9.0.post0-pyhe01879c_2.conda#d6a17ece93bbd5139e02d2bd7dbfa80bee1a4261dced63f65f679121686bf664
https://conda.anaconda.org/conda-forge/noarch/python_abi-3.11-8_cp311.conda#fddf123692aa4b1fc48f0471e346400d9852d96eeed77dbfdd746fa50a8ff894
https://conda.anaconda.org/conda-forge/linux-64/qhull-2020.2-h434a139_5.conda#776363493bad83308ba30bcb88c2552632581b143e8ee25b1982c8c743e73abc
https://conda.anaconda.org/conda-forge/linux-64/readline-8.3-h853b02a_0.conda#12ffde5a6f958e285aa22c191ca01bbd3d6e710aa852e00618fa6ddc59149002
https://conda.anaconda.org/conda-forge/linux-64/re2-2025.11.05-h5301d42_1.conda#3fc684b81631348540e9a42f6768b871dfeab532d3f47d5c341f1f83e2a2b2b2
https://conda.anaconda.org/conda-forge/linux-64/rhash-1.4.6-hb9d3cd8_1.conda#d5c73079c1dd2c2a313c3bfd81c73dbd066b7eb08d213778c8bff520091ae894
https://conda.anaconda.org/conda-forge/linux-64/scipy-1.17.1-py311hbe70eeb_1.conda#3ae2ff1d1cc5930de2ca6ac03216118bdf13b2af6098e28e827f1ba25bfcbc4e
https://conda.anaconda.org/conda-forge/noarch/setuptools-83.0.0-pyh332efcf_0.conda#48a9f96016505debadfc67f06de7ac548decbc38d327409b24b0432ef6f16335
https://conda.anaconda.org/conda-forge/noarch/six-1.17.0-pyhe01879c_1.conda#458227f759d5e3fcec5d9b7acce54e10c9e1f4f4b7ec978f3bfd54ce4ee9853d
https://conda.anaconda.org/conda-forge/linux-64/swig-4.4.1-h7a96c5f_0.conda#45ec1eedd1de2d7985955290015773a4adc9b8ea95d0f839aaabda2ed075d83c
https://conda.anaconda.org/conda-forge/noarch/sysroot_linux-64-2.39-hc4b9eeb_6.conda#7d235e4337f122f3439d0196e1c1c6e715a5b88fcbf24f944510186c84168e45
https://conda.anaconda.org/conda-forge/linux-64/tk-8.6.13-noxft_hd70dff1_3.conda#43624eab22f5f29df7d6ffe914cf442f28fd559b55b290906255492826e636e8
https://conda.anaconda.org/conda-forge/noarch/tomli-2.4.1-pyhcf101f3_0.conda#91cafdb64268e43e0e10d30bd1bef5af392e69f00edd34dfaf909f69ab2da6bd
https://conda.anaconda.org/conda-forge/noarch/trimesh-4.12.2-pyh7b2049a_0.conda#ec8151a7211e7225f7d378f36a50b7f8336f114bd79935527e49bbd36e013c08
https://conda.anaconda.org/conda-forge/noarch/typing_extensions-4.16.0-pyhcf101f3_0.conda#2d888f90af0686044882c74193ec80a90ec1943145d94a7b1b048958acda1848
https://conda.anaconda.org/conda-forge/noarch/tzdata-2026c-h151e31d_0.conda#b928c30ddcb0e3f544c6eade8352737e6e610e263276b90232db6a578ef899d8
https://conda.anaconda.org/conda-forge/linux-64/unicodedata2-17.0.1-py311h49ec1c0_0.conda#2bd8ee058dc98e614003591eb221a8b08449768b13aebe76dad8528bf0f5f88b
https://conda.anaconda.org/conda-forge/noarch/wheel-0.47.0-pyhd8ed1ab_0.conda#9e156ffaefb8463437144326ada4b85d1de17961b9997ac5f1cbbaf747bd8bed
https://conda.anaconda.org/conda-forge/linux-64/xorg-libice-1.1.2-hb9d3cd8_0.conda#c12396aabb21244c212e488bbdc4abcdef0b7404b15761d9329f5a4a39113c4b
https://conda.anaconda.org/conda-forge/linux-64/xorg-libsm-1.2.6-he73a12e_0.conda#277841c43a39f738927145930ff963c5ce4c4dacf66637a3d95d802a64173250
https://conda.anaconda.org/conda-forge/linux-64/xorg-libx11-1.8.13-he1eb515_0.conda#516d4060139dbb4de49a4dcdc6317a9353fb39ebd47789c14e6fe52de0deee42
https://conda.anaconda.org/conda-forge/linux-64/xorg-libxau-1.0.12-hb03c661_1.conda#6bc6ab7a90a5d8ac94c7e300cc10beb0500eeba4b99822768ca2f2ef356f731b
https://conda.anaconda.org/conda-forge/linux-64/xorg-libxdmcp-1.1.5-hb03c661_1.conda#25d255fb2eef929d21ff660a0c687d38a6d2ccfbcbf0cc6aa738b12af6e9d142
https://conda.anaconda.org/conda-forge/linux-64/xorg-libxext-1.3.7-hb03c661_0.conda#79c60fc6acfd3d713d6340d3b4e296836a0f8c51602327b32794625826bd052f
https://conda.anaconda.org/conda-forge/linux-64/xorg-libxrender-0.9.12-hb9d3cd8_0.conda#044c7b3153c224c6cedd4484dd91b389d2d7fd9c776ad0f4a34f099b3389f4a1
https://conda.anaconda.org/conda-forge/linux-64/xxhash-0.8.3-hb47aa4a_0.conda#08e12f140b1af540a6de03dd49173c0e5ae4ebc563cabdd35ead0679835baf6f
https://conda.anaconda.org/conda-forge/noarch/zipp-4.1.0-pyhcf101f3_0.conda#210bd31c22bb88f5e2a167df24c95bb5f152b2ada7502f9b8c49d1f5366db423
https://conda.anaconda.org/conda-forge/linux-64/zlib-1.3.2-h25fd6f3_3.conda#16080a1c7724f7d25727cdc23c7658e0cec2db52448c1dc0c33467ee2c6e1c62
https://conda.anaconda.org/conda-forge/linux-64/zlib-ng-2.3.3-hceb46e0_1.conda#ea4e50c465d70236408cb0bfe0115609fd14db1adcd8bd30d8918e0291f8a75f
https://conda.anaconda.org/conda-forge/linux-64/zstd-1.5.7-hb78ec9c_6.conda#68f0206ca6e98fea941e5717cec780ed2873ffabc0e1ed34428c061e2c6268c7
