# Generated from environment/gpmeep-runtime.yml on 2026-08-26.
# Linux x86-64 only. Every archive URL is bound to its SHA-256.
# platform: linux-64
@EXPLICIT
https://conda.anaconda.org/conda-forge/linux-64/_openmp_mutex-4.5-20_gnu.conda#1dd3fffd892081df9726d7eb7e0dea6198962ba775bd88842135a4ddb4deb3c9
https://conda.anaconda.org/conda-forge/noarch/autograd-1.9.1-pyhd8ed1ab_0.conda#424731f434698c0ff937eec4010c94b75fda29394816dc1ec34f94d605b39629
https://conda.anaconda.org/conda-forge/linux-64/brotli-1.2.0-h505cf86_3.conda#1f2ccfebe6e0113bfc473b21906372c1ee4eb69bf6faef0ad7f3d4d79af63a98
https://conda.anaconda.org/conda-forge/linux-64/brotli-bin-1.2.0-h9908984_3.conda#56b2e5e8a49f9887af74cc63e0d55a3654e60b667ad5558da089549a36ae6a0c
https://conda.anaconda.org/conda-forge/linux-64/bzip2-1.0.8-hda65f42_10.conda#1a0d382c515ebf55f8ee1f38c8b81bc95af5c2acc42ad53b66bc5df932032f96
https://conda.anaconda.org/conda-forge/linux-64/c-ares-1.34.8-hebe6cf0_2.conda#9c37cc233238adf366ea75b0e845662a5be07ceadf62e458183516369340274b
https://conda.anaconda.org/conda-forge/noarch/ca-certificates-2026.7.22-hbd8a1cb_0.conda#0a0544cf95f64394fe4959286f5c71f5444ad58feb0602e53becb27448d24da6
https://conda.anaconda.org/conda-forge/noarch/cached-property-2.0.1-pyhcf101f3_0.conda#39358005c3cc44d8315ed79789b18a960d69365be979970cc6bae8f7a6177703
https://conda.anaconda.org/conda-forge/noarch/cached_property-2.0.1-pyhcf101f3_0.conda#4bd96dab5a434e4ee59fb6910cae704d4c5b453907d4886272a9943d37e42b6f
https://conda.anaconda.org/conda-forge/linux-64/cairo-1.18.4-he90730b_1.conda#06525fa0c4e4f56e771a3b986d0fdf0f0fc5a3270830ee47e127a5105bde1b9a
https://conda.anaconda.org/conda-forge/linux-64/contourpy-1.3.3-py311h724c32c_4.conda#fd7aca059253cff3d8b0aec71f0c1bf2904823b13f1997bf222aea00a76f3cce
https://conda.anaconda.org/conda-forge/linux-64/cuda-cudart-12.4.127-he02047a_2.conda#d8ad0be647dad6378119c110572bbf9f6b1e8c820393ed159d45f02588979c07
https://conda.anaconda.org/conda-forge/noarch/cuda-cudart_linux-64-12.4.127-h85509e4_2.conda#1f1b3e0bf6b5e665860ecbdf509c1e02760c14d25e3f3893a712f90f7f8a5abc
https://conda.anaconda.org/conda-forge/noarch/cuda-version-12.4-h3060b56_3.conda#571d32fbd0dc8df6e85c14d1757549927e272af9c70b935d7e3a553ab0b0b4da
https://conda.anaconda.org/conda-forge/noarch/cycler-0.12.1-pyhcf101f3_2.conda#bb47aec5338695ff8efbddbc669064a3b10fe34ad881fb8ad5d64fbfa6910ed1
https://conda.anaconda.org/conda-forge/linux-64/fftw-3.3.11-mpi_openmpi_h76e6d66_0.conda#0949915580511f07e46d5509d8d16e7ae52910c426aa026dfba51cd188f0d93f
https://conda.anaconda.org/conda-forge/linux-64/flatbuffers-25.9.23-hb7d4c21_0.conda#e5f90c2fd61012d6ad332657a5bf5455620f0db8524f0b005d91e1c2737bad69
https://conda.anaconda.org/conda-forge/noarch/font-ttf-dejavu-sans-mono-2.37-hab24e00_0.tar.bz2#58d7f40d2940dd0a8aa28651239adbf5613254df0f75789919c4e6762054403b
https://conda.anaconda.org/conda-forge/noarch/font-ttf-inconsolata-3.000-h77eed37_0.tar.bz2#c52a29fdac682c20d252facc50f01e7c2e7ceac52aa9817aaf0bb83f7559ec5c
https://conda.anaconda.org/conda-forge/noarch/font-ttf-source-code-pro-2.038-h77eed37_0.tar.bz2#00925c8c055a2275614b4d983e1df637245e19058d79fc7dd1a93b8d9fb4b139
https://conda.anaconda.org/conda-forge/noarch/font-ttf-ubuntu-0.83-h77eed37_3.conda#2821ec1dc454bd8b9a31d0ed22a7ce22422c0aef163c59f49dfdf915d0f0ca14
https://conda.anaconda.org/conda-forge/linux-64/fontconfig-2.18.3-h4db4eae_1.conda#5a3eb10b18a97223ab06b3a7f0d7f56658db2f2800e2f2af95836fe3bf55ba63
https://conda.anaconda.org/conda-forge/noarch/fonts-conda-ecosystem-1-0.tar.bz2#a997f2f1921bb9c9d76e6fa2f6b408b7fa549edd349a77639c9fe7a23ea93e61
https://conda.anaconda.org/conda-forge/noarch/fonts-conda-forge-1-hc364b38_1.conda#54eea8469786bc2291cc40bca5f46438d3e062a399e8f53f013b6a9f50e98333
https://conda.anaconda.org/conda-forge/linux-64/fonttools-4.63.0-py311h3778330_0.conda#ce5004df66a6bf4e3d634850ab43471b98700291065281eb1982eb54b7bf7d85
https://conda.anaconda.org/conda-forge/linux-64/freetype-2.14.3-ha770c72_2.conda#612a8e0c1a6ecae23da54d81ef395f6ebb5c8e4468ec2611593ebce75876a4e0
https://conda.anaconda.org/conda-forge/linux-64/fribidi-1.0.16-hb03c661_1.conda#4846a3ca0402f3fe33ad84ed50ab213c6aafde4a0faef3c5002f6bf753e21671
https://conda.anaconda.org/conda-forge/linux-64/gdstk-1.0.1-py311h8443b23_0.conda#27e44f53fa3da90b5f66bd2000d3bbd63ea19080b40abc5355dce42a29c65ed6
https://conda.anaconda.org/conda-forge/linux-64/graphite2-1.3.15-h54a6638_1.conda#7fa3b6a9c081fa3e545573152a788d061a0a0ba57df7251cc0f4f75225fc93e7
https://conda.anaconda.org/conda-forge/linux-64/gsl-2.8-hbf7d49c_1.conda#f923af07c3a3db746d3be8efebdaa9c819a6007ee3cc12445cee059641611e05
https://conda.anaconda.org/conda-forge/linux-64/h5py-3.16.0-mpi_openmpi_py311h550613e_4.conda#784821e292d6a6457e3db740f62d084833a782fc224300d0dd994cb733132e9e
https://conda.anaconda.org/conda-forge/linux-64/harminv-1.4.3-h63ef21f_0.conda#5f51a765e107cb2a0bc069eb020c40a69ca90fbd15411792b484d33c8654b6e1
https://conda.anaconda.org/conda-forge/linux-64/hdf5-1.14.6-mpi_openmpi_h8367ee7_10.conda#7b696330d3488536c9fcb9a03316b8988143cf1ecaf3599c1c243c0b86a04527
https://conda.anaconda.org/conda-forge/linux-64/icu-78.3-py310h44b86e0_2.conda#9f07834f0c546ab14d885ce0366285f61f44e326c0edd1fc63b8294e113ae432
https://conda.anaconda.org/conda-forge/noarch/importlib-metadata-9.0.0-pyhcf101f3_0.conda#43e2a5497cad1598ff88a3e69f69bc88b7b8f141fa63c60eab5db296317318b8
https://conda.anaconda.org/conda-forge/noarch/jax-0.10.2-pyhd8ed1ab_0.conda#c63764f3f6aaa7bdd2f4b3bc1c297f946ae7e5503d0d3a4ca225ba4dff3fc25b
https://conda.anaconda.org/conda-forge/linux-64/jaxlib-0.10.2-cpu_py311hceffaa2_0.conda#0b51bff46ff6b3e4fb02c8384f1abd761cc6d74a52df18af70521d1797d6778b
https://conda.anaconda.org/conda-forge/linux-64/keyutils-1.6.3-h7cc23a3_1.conda#dd053c96dcb0dcfd59422aefea9d2fe937a190167f34fba7893ec1e10a7e8963
https://conda.anaconda.org/conda-forge/linux-64/kiwisolver-1.5.0-py311h724c32c_0.conda#3ff7e51c88f53f05e22ca5549e935d1ccb398665f6ec080a9c6a5c9e9b186b79
https://conda.anaconda.org/conda-forge/linux-64/krb5-1.22.2-hbc21106_2.conda#2a5c38c85e63df84c4e69ee71439841ce570d259ae3060627bb9a49a938d66f4
https://conda.anaconda.org/conda-forge/linux-64/lcms2-2.19.1-h0c24ade_1.conda#112b5b9462572d970f4abd2912f76a25ee7db158b1e7260163d91dd8a630db84
https://conda.anaconda.org/conda-forge/linux-64/ld_impl_linux-64-2.46.1-default_hbd61a6d_102.conda#27d83f1188cd19bcb7754a078b3fa7f4cfb8527f8eb2fde54dd01fc529d1adec
https://conda.anaconda.org/conda-forge/linux-64/lerc-4.2.0-hdb68285_0.conda#bf9fdebf55d8bc99d83531cdffda00703f4dc5f93a1a956768c147362c72feda
https://conda.anaconda.org/conda-forge/linux-64/libabseil-20260107.1-cxx17_h7b12aa8_0.conda#a7a4481a4d217a3eadea0ec489826a69070fcc3153f00443aa491ed21527d239
https://conda.anaconda.org/conda-forge/linux-64/libaec-1.1.5-h088129d_0.conda#822e4ae421a7e9c04e841323526321185f6659222325e1a9aedec811c686e688
https://conda.anaconda.org/conda-forge/linux-64/libblas-3.11.0-9_h4a7cf45_openblas.conda#39c7b3c5427b435c9c059ede9da61d46d42574e5b846ad37fdc3af4a5eab1e48
https://conda.anaconda.org/conda-forge/linux-64/libbrotlicommon-1.2.0-h39a168f_3.conda#e5864f257f839ffc27d681659bac95901f524f602b9121e5dcc5e2df18437f2d
https://conda.anaconda.org/conda-forge/linux-64/libbrotlidec-1.2.0-ha411449_3.conda#dad31b6d104973deb89710929a35651033aad692d4e7793cdb5b786a9bd54678
https://conda.anaconda.org/conda-forge/linux-64/libbrotlienc-1.2.0-h018ffa1_3.conda#d37124d0f51816e7d5e3a94bfc9ed3d6174d077f9b4f832d20c5a08b52bebf1f
https://conda.anaconda.org/conda-forge/linux-64/libcap-2.78-h084b8d7_1.conda#8cb25174d6b6fac95d31e86cfe41faffc8ee9dacbf2bfd22e6c23377e8f338c1
https://conda.anaconda.org/conda-forge/linux-64/libcblas-3.11.0-9_h0358290_openblas.conda#4c532a70ea9aeff2fa1aabaa4828ebc00c2ed12b22aa8ba19da5302b882fc82b
https://conda.anaconda.org/conda-forge/linux-64/libctl-4.7.1-hb03c661_0.conda#af949cf73d52a050109e73701023c15b543c63ee8033a24718fb288eabaf2d3c
https://conda.anaconda.org/conda-forge/linux-64/libcurl-8.21.0-ha042cf0_5.conda#0b6cc13e36cf19ae9b764740112fc591682e189c99353be9f72f3d96ccf29d79
https://conda.anaconda.org/conda-forge/linux-64/libdeflate-1.25-hd45a770_1.conda#82e134c8a08b1eed9a2ed8ab578b89aa1730dcde3dea8dd87645ed0637878e54
https://conda.anaconda.org/conda-forge/linux-64/libedit-3.1.20250104-pl5321h373387f_1.conda#6473eb8caf2aae830f37caa93db9b26dddf7ac84b63229e8bf7fc0e5c3ab95b0
https://conda.anaconda.org/conda-forge/linux-64/libev-4.33-h280c20c_3.conda#e4418f68d01a6307c4431b585c71b584f40189877364e542ee87deb777f5e85b
https://conda.anaconda.org/conda-forge/linux-64/libevent-2.1.12-hf998b51_1.conda#2e14399d81fb348e9d231a82ca4d816bf855206923759b69ad006ba482764131
https://conda.anaconda.org/conda-forge/linux-64/libexpat-2.8.1-hecca717_1.conda#16feffd9ddbbe5b718515d38ee376c685ba95491cd901244e24671d20b952a77
https://conda.anaconda.org/conda-forge/linux-64/libfabric-2.6.0-ha770c72_0.conda#45bb0eb92000a3f82555cc948013935aace8a1ea522b79700f58d3906c18e846
https://conda.anaconda.org/conda-forge/linux-64/libfabric1-2.6.0-h6b3ec72_0.conda#ba8de6a838bc0727ef8e5a1409c6735465b7b582627a9b4c2704126e53903f43
https://conda.anaconda.org/conda-forge/linux-64/libffi-3.7.0-h3435931_0.conda#ac38603008bf1e99b8ed379b1a656a67a70e2841f2b6a069c630cdf6316012d2
https://conda.anaconda.org/conda-forge/linux-64/libfreetype-2.14.3-ha770c72_2.conda#fb12ecb46c30d18d928c0e8fc346ab13b5f6fc8a9cacae4f2f4bb188782586f5
https://conda.anaconda.org/conda-forge/linux-64/libfreetype6-2.14.3-h5e6c136_2.conda#ec607dd5445dd17ff6bf8b7fe6832e5504c226dd91d3aaea7ba83569808b0ce4
https://conda.anaconda.org/conda-forge/linux-64/libgcc-16.2.0-ha9f2e26_4.conda#24090e675d34403b4ee1cd4372d8f6c0937da7ecfd66a19a57cac2ed0f4ea793
https://conda.anaconda.org/conda-forge/linux-64/libgcc-ng-16.2.0-h69a702a_4.conda#d8e66c14e23f2b3c70410cff5979d9d357e6edfb990b28d8e630852f4d395629
https://conda.anaconda.org/conda-forge/linux-64/libgfortran-16.2.0-h69a702a_4.conda#7653be4d88a4d74676c38dd892914d027dcecc0c65c406be772d31cb641f8cfd
https://conda.anaconda.org/conda-forge/linux-64/libgfortran5-16.2.0-h6b99dfc_4.conda#a5510cbcea3b9e9ab24b336429de997fa727af1dba323031500a962a20e38600
https://conda.anaconda.org/conda-forge/linux-64/libglib-2.88.3-h45c3219_1.conda#4499458124bcf0bd45e8bd17576f9f007cb1373cb3b01659105443f522bab45c
https://conda.anaconda.org/conda-forge/linux-64/libgomp-16.2.0-he0feb66_4.conda#0fe5cb8e0752241ab55e11656ed1b9726248b522d23b929fe7c95b83eb55b9bb
https://conda.anaconda.org/conda-forge/linux-64/libgrpc-1.78.1-h1d1128b_0.conda#5bb935188999fd70f67996746fd2dca85ec6204289e11695c316772e19451eb8
https://conda.anaconda.org/conda-forge/linux-64/libharfbuzz-14.3.1-h23af247_0.conda#a4eac5a21b84e0fc753b72de01781f634fc9ab70fd32a28d6a40a19700c9188a
https://conda.anaconda.org/conda-forge/linux-64/libhwloc-2.13.0-default_he001693_1000.conda#5041d295813dfb84652557839825880aae296222ab725972285c5abe3b6e4288
https://conda.anaconda.org/conda-forge/linux-64/libiconv-1.18-h0cb94f2_3.conda#f943117edb9cd4d9c61cc972eee5a34291dc55ea7a6e9e38da104995841cbcb6
https://conda.anaconda.org/conda-forge/linux-64/libjpeg-turbo-3.2.0-hb03c661_1.conda#bba8538e6538ed58a8479b332337b96986561f975d06cfa2039a016c2d246ee4
https://conda.anaconda.org/conda-forge/linux-64/liblapack-3.11.0-9_h47877c9_openblas.conda#ea989e2dabd21d296a5a4ec515e695645aefcdf778ffdb5eeea515421d243ab5
https://conda.anaconda.org/conda-forge/linux-64/liblzma-5.8.3-hb03c661_1.conda#9787df8c22a59c9a70d3e5a10db9ad663485e75e9ccc3f09bd092cb7b95e0dab
https://conda.anaconda.org/conda-forge/linux-64/libnghttp2-1.68.1-h74cf4be_1.conda#11a2f54a6f391e25738bce0023e6ef499600147bbcf21c1fa69d2e251b03cc6a
https://conda.anaconda.org/conda-forge/linux-64/libnl-3.11.0-hb03c661_1.conda#d0f2fd77aad83641c11bc3686bac677e99869f1d62b99e5064c9d99af8bfde6a
https://conda.anaconda.org/conda-forge/linux-64/libnsl-2.0.1-hb9d3cd8_1.conda#927fe72b054277cde6cb82597d0fcf6baf127dcbce2e0a9d8925a68f1265eef5
https://conda.anaconda.org/conda-forge/linux-64/libopenblas-0.3.34-pthreads_h94d23a6_0.conda#23392fc4f4e5ba230fcd1ef825878ba5ca7ee4f6259fac0cbb13299134b7bf7a
https://conda.anaconda.org/conda-forge/linux-64/libpmix-5.0.8-h31fc519_4.conda#2837759fb832ab8587622602531f8e4b5d5e5ec12ea9b3936be06f384b933800
https://conda.anaconda.org/conda-forge/linux-64/libpng-1.6.58-h922cc85_1.conda#c19eefb87d70d9b4b0629fa48414a155a47a1be4f04583ae71ed8c5a9a32fdcb
https://conda.anaconda.org/conda-forge/linux-64/libprotobuf-6.33.5-h538a264_2.conda#eb296398f05e3c1d0df2b616e7dd58b1d764540b5241ecf796480cdf82b29d2a
https://conda.anaconda.org/conda-forge/linux-64/libpsl-0.23.1-hd9e3e90_1.conda#09e8effdc89bc5d021349318d32b85594f5b8d8e3ab8f90a85b81f8fe695a566
https://conda.anaconda.org/conda-forge/linux-64/libraqm-0.11.0-h6406941_0.conda#ab3ccb9fd5816f76b18ee8974d359cd2605ca87d8ddef55369dc461b9986f95c
https://conda.anaconda.org/conda-forge/linux-64/libre2-11-2025.11.05-h0dc7533_1.conda#138fc85321a8c0731c1715688b38e2be4fb71db349c9ab25f685315095ae70ff
https://conda.anaconda.org/conda-forge/linux-64/libsqlite-3.53.4-h13e7031_1.conda#f20d70da54e5b31dd4a51fb1efeaafafd5ab6dd8d7ac9d1438eaa2526ac4ed3d
https://conda.anaconda.org/conda-forge/linux-64/libssh2-1.11.1-h6154650_1.conda#7e463000fa1cba3f3a6597b776f6ab301d425a96e3bc20d0d9d76a3b9f237aa3
https://conda.anaconda.org/conda-forge/linux-64/libstdcxx-16.2.0-h934c35e_4.conda#40b792b0186c1e8859280a1f6f19a54fc50a11b32724fc7b637009c1a9bd302b
https://conda.anaconda.org/conda-forge/linux-64/libstdcxx-ng-16.2.0-hdf11a46_4.conda#4cdebd87b76cf53a58a08ebd6d15336daa79c5f0aa34d83a895ac503c0203632
https://conda.anaconda.org/conda-forge/linux-64/libsystemd0-261.2-h6f4a2f1_0.conda#35c60a4b9e6475fbe5376557a813ce48af3427d4418c37117cd976d8fb1ab761
https://conda.anaconda.org/conda-forge/linux-64/libtiff-4.7.2-h9d88235_0.conda#b31346e1c01ab40a170e91147092ee8fd92b1dee3c66ee47ef025571c879b159
https://conda.anaconda.org/conda-forge/linux-64/libudev1-261.2-h6f4a2f1_0.conda#67ca48ec0dea72e53e1b41269124bf72538e01d64d4801d3ed16788616632c72
https://conda.anaconda.org/conda-forge/linux-64/libuuid-2.42.2-h5347b49_0.conda#9b1bdce27a7e31f7d241aeecff67a1f3101d52a2b1e33ccc2cdf2613072bf81f
https://conda.anaconda.org/conda-forge/linux-64/libwebp-base-1.6.0-hd42ef1d_1.conda#8415001414f488c85b72b9d8cc2071dfb3981a47bc3c8eb56ef91a57d12eae7f
https://conda.anaconda.org/conda-forge/linux-64/libxcb-1.17.0-hb83e432_1.conda#ce25a1efa85a78a3ce3b16721d9c36153814adbf2fb004a15f72ec69894b4cb1
https://conda.anaconda.org/conda-forge/linux-64/libxcrypt-4.4.38-h280c20c_0.conda#f7e9292dd219a6435bbb1223da9586c3e70d66d169c5a92f08db3f2127df04e9
https://conda.anaconda.org/conda-forge/linux-64/libxml2-2.15.3-h49c6c72_1.conda#a16a576a5844a3a0e1cdfc5e162b9fe9c64dccf6a93f44c293bb42851aebe2b4
https://conda.anaconda.org/conda-forge/linux-64/libxml2-16-2.15.3-hca6bf5a_1.conda#087d4de023f22d6a28b9e1b818961dd41e9bda6e9793590600ff16ca150bf9cb
https://conda.anaconda.org/conda-forge/linux-64/libzlib-1.3.2-h25fd6f3_3.conda#eb8a0db0aa570124f7d2a93d7c7f596e3390df5e047818d873baad32985fc736
https://conda.anaconda.org/conda-forge/linux-64/matplotlib-base-3.11.1-py311he401cf6_2.conda#f9f48162f2553080d041b061b9f6cfec64d79d7c40df0e6379496f9ad2df738c
https://conda.anaconda.org/conda-forge/linux-64/ml_dtypes-0.5.4-np2py311h912ec1f_1.conda#0b9b24d1d6da203729d75c74c531a632e965d0a5a973da964b666637948f5a0b
https://conda.anaconda.org/conda-forge/linux-64/mpb-1.12.0-nompi_h9b57f5a_105.conda#abc699a285fecd1ba5d839797b78e074967f342d2d8480b3fc8f8e25f1c1b6eb
https://conda.anaconda.org/conda-forge/noarch/mpi-1.0.1-openmpi.conda#e1698675ec83a2139c0b02165f47eaf0701bcab043443d9008fc0f8867b07798
https://conda.anaconda.org/conda-forge/linux-64/mpi4py-4.1.2-py311h4b3b540_100.conda#914bb1661c69b15418898e331faf966169416cdf028e15f791eda659e352c0a2
https://conda.anaconda.org/conda-forge/noarch/munkres-1.1.4-pyhd8ed1ab_1.conda#d09c47c2cf456de5c09fa66d2c3c5035aa1fa228a1983a433c47b876aa16ce90
https://conda.anaconda.org/conda-forge/linux-64/ncurses-6.6-hdb14827_1.conda#5d46557214ed184381dafe835b7c94a474a1c3b307a08a250b1ea4779b44ffb3
https://conda.anaconda.org/conda-forge/linux-64/nlopt-2.11.0-np2py311h912ec1f_1.conda#135f0e38a6ea84a5333a18c40cda2282407bb56e79aafae2cd663b0ad04ebfb2
https://conda.anaconda.org/conda-forge/linux-64/numpy-2.4.6-py311h2e04523_0.conda#8e8fb64c1a51282e8940d57d116aec54a4d66da59594973ae9c0b35d419b9a81
https://conda.anaconda.org/conda-forge/linux-64/onednn-3.12-threadpool_h77e0eb8_0.conda#5ea89f2055bbf5749ed9caf357e92c5d7470d9a8ffb46414411e49e9127ee04e
https://conda.anaconda.org/conda-forge/linux-64/onednn-cpu-threadpool-3.12-threadpool_hc2f90bd_0.conda#3fd55525a5449553618eab86703be7156b1cb4993756aee38ae323ff0b57d253
https://conda.anaconda.org/conda-forge/linux-64/openjpeg-2.5.4-h55fea9a_0.conda#3900f9f2dbbf4129cf3ad6acf4e4b6f7101390b53843591c53b00f034343bc4d
https://conda.anaconda.org/conda-forge/linux-64/openmpi-5.0.10-hee33aa4_2.conda#20cafe96c3159bd328886552c45561dd52b6cdb844170c54189a1860a88d7997
https://conda.anaconda.org/conda-forge/linux-64/openssl-3.6.4-h781a0a9_0.conda#4747b2d6a8336f52343bceb8a1ebf41a9e6e665b9d2e3f989972de53a310599e
https://conda.anaconda.org/conda-forge/noarch/opt_einsum-3.4.0-pyhd8ed1ab_1.conda#af71aabb2bfa4b2c89b7b06403e5cec23b418452cae9f9772bd7ac3f9ea1ff44
https://conda.anaconda.org/conda-forge/noarch/packaging-26.3-pyhc364b38_0.conda#c432626b16768b8dab228bfb706f7060c2d462a21c516d240f68f2f902b5a044
https://conda.anaconda.org/conda-forge/linux-64/pcre2-10.47-h8b3dc9c_1.conda#9ebb10a4eb3be51ae67d85c679f5a7a50cb040ed25c783e6331a225ea09991d4
https://conda.anaconda.org/conda-forge/linux-64/pillow-12.3.0-py311hf88fc01_0.conda#fc8a6dbcf1f367cc33ae6d505370b8d9d51ca5eae9b53bf1517307f863300d27
https://conda.anaconda.org/conda-forge/noarch/pip-26.2.1-pyh8b19718_0.conda#c205bae42eb11b364fe3663a817cbcbc20a8ef544c6b2ff6f391013487117259
https://conda.anaconda.org/conda-forge/linux-64/pixman-0.46.4-h54a6638_3.conda#829d8288764282de5a9f7b9169acb75cc7dc0b6c3fe2535cfe87dea3436bbc5d
https://conda.anaconda.org/conda-forge/linux-64/pthread-stubs-0.4-hb03c661_1003.conda#afc3b27b2cbb0487c1d0e963f96e71181ecfb623a24fb393bb19ff974a6382a1
https://conda.anaconda.org/conda-forge/noarch/pyparsing-3.3.2-pyhcf101f3_0.conda#417fba4783e528ee732afa82999300859b065dc59927344b4859c64aae7182de
https://conda.anaconda.org/conda-forge/linux-64/python-3.11.16-h8ab3286_0_cpython.conda#16bf00ae05ca86a6dd4ecb19afc238a8c07e09efba9147e2c8b5b9ebd1e12e39
https://conda.anaconda.org/conda-forge/noarch/python-dateutil-2.9.0.post0-pyhe01879c_2.conda#d6a17ece93bbd5139e02d2bd7dbfa80bee1a4261dced63f65f679121686bf664
https://conda.anaconda.org/conda-forge/noarch/python_abi-3.11-8_cp311.conda#fddf123692aa4b1fc48f0471e346400d9852d96eeed77dbfdd746fa50a8ff894
https://conda.anaconda.org/conda-forge/linux-64/qhull-2020.2-h434a139_5.conda#776363493bad83308ba30bcb88c2552632581b143e8ee25b1982c8c743e73abc
https://conda.anaconda.org/conda-forge/linux-64/rdma-core-63.1-h192683f_0.conda#93e53eeaf6e7b8d2c349cd52005720aaceb47e7ead0a741290567b2907e3a42d
https://conda.anaconda.org/conda-forge/linux-64/re2-2025.11.05-h5301d42_1.conda#3fc684b81631348540e9a42f6768b871dfeab532d3f47d5c341f1f83e2a2b2b2
https://conda.anaconda.org/conda-forge/linux-64/readline-8.3-hd6e31c0_1.conda#01b3fe073a66e321970d09e04b388708f8cbdca5cdfbfcb7c9eeb470ad10383d
https://conda.anaconda.org/conda-forge/linux-64/scipy-1.17.1-py311hbe70eeb_1.conda#3ae2ff1d1cc5930de2ca6ac03216118bdf13b2af6098e28e827f1ba25bfcbc4e
https://conda.anaconda.org/conda-forge/noarch/setuptools-84.0.0-pyh332efcf_0.conda#9e200ee5f9ff19a4d94e4b51c4856d53dec849f91032f345cf0c6bc3d51a7183
https://conda.anaconda.org/conda-forge/noarch/six-1.17.0-pyhe01879c_1.conda#458227f759d5e3fcec5d9b7acce54e10c9e1f4f4b7ec978f3bfd54ce4ee9853d
https://conda.anaconda.org/conda-forge/linux-64/tk-8.6.13-noxft_h1df4ec4_4.conda#a1a241d172c1ccab067ba245206dd048bc3c2d1b84504b53c9468e99adfc16a1
https://conda.anaconda.org/conda-forge/noarch/trimesh-5.0.0-pyh7b2049a_0.conda#d092803fecbd5fbe12eba82c5f093c65129a40c3ab378e056f187f1bfe34d543
https://conda.anaconda.org/conda-forge/noarch/typing_extensions-4.16.0-pyhcf101f3_0.conda#2d888f90af0686044882c74193ec80a90ec1943145d94a7b1b048958acda1848
https://conda.anaconda.org/conda-forge/noarch/tzdata-2026c-h151e31d_0.conda#b928c30ddcb0e3f544c6eade8352737e6e610e263276b90232db6a578ef899d8
https://conda.anaconda.org/conda-forge/linux-64/ucc-1.8.0-h539fd1b_2.conda#073f75becf0aade3d7a6606609630dd0fef1aa37a9a73a34c8c7ced6b75c5b2e
https://conda.anaconda.org/conda-forge/linux-64/ucx-1.22.0-hb659a20_0.conda#97e6f7a2a7341f3dabd584389b24e58e3983445f0a11f5b11f73f947da443ad2
https://conda.anaconda.org/conda-forge/linux-64/unicodedata2-17.0.1-py311h49ec1c0_0.conda#2bd8ee058dc98e614003591eb221a8b08449768b13aebe76dad8528bf0f5f88b
https://conda.anaconda.org/conda-forge/noarch/wheel-0.48.0-pyhd8ed1ab_0.conda#ba64b29b6d418024cb565081a1799262cb2780d2534ff4c14f76aa858c4286cd
https://conda.anaconda.org/conda-forge/linux-64/xorg-libice-1.1.2-h280c20c_0.conda#49b532d1df875c6749d9078b56a76f3f5db49a5abe0ca620b593ed474ef0ebf1
https://conda.anaconda.org/conda-forge/linux-64/xorg-libsm-1.2.6-h0d788c3_1.conda#ef907caee0665cf3b0f775602cc50e388e3bade8ce22ecade0873ff26604b2fd
https://conda.anaconda.org/conda-forge/linux-64/xorg-libx11-1.8.13-he1eb515_1.conda#68053eebfa9f0d91666786c8fb5839d989aa9b869add92cb8815228bb2d7302c
https://conda.anaconda.org/conda-forge/linux-64/xorg-libxau-1.0.12-hb03c661_2.conda#cbf891f6cc1a859347680af1c8562bc6b033bf182a2a3bb536016932be3206de
https://conda.anaconda.org/conda-forge/linux-64/xorg-libxdmcp-1.1.5-hb03c661_2.conda#c50a16c05ccd7fe7dd6d6cfb539f4e9a491d50f9ed7a5c902fec638f7d0d27be
https://conda.anaconda.org/conda-forge/linux-64/xorg-libxext-1.3.7-h7cc23a3_1.conda#aa9bbe8b278aacc194e280ff5037f9f9a1f2c5b33ed97de8e7f01cfbe90dda43
https://conda.anaconda.org/conda-forge/linux-64/xorg-libxrender-0.9.12-hb03c661_1.conda#6901f91d398811e4ec89d7e20a69abac02a7bfebfaf073338b7ea3d1a99685b7
https://conda.anaconda.org/conda-forge/noarch/zipp-4.1.0-pyhcf101f3_0.conda#210bd31c22bb88f5e2a167df24c95bb5f152b2ada7502f9b8c49d1f5366db423
https://conda.anaconda.org/conda-forge/linux-64/zlib-1.3.2-h25fd6f3_3.conda#16080a1c7724f7d25727cdc23c7658e0cec2db52448c1dc0c33467ee2c6e1c62
https://conda.anaconda.org/conda-forge/linux-64/zlib-ng-2.3.3-hce19668_1.conda#8b786bb4380fa69a718b08a400040b865bc9207eda337e0a1955717c3c3a9403
https://conda.anaconda.org/conda-forge/linux-64/zstd-1.5.7-hb78ec9c_7.conda#47d682b9f6d6ec9eb1a6e6c3e75ea6273e899e78fb7fc59f81d39745009fbc60
