# Generated from environment/package-builder.yml on 2026-08-26.
# Linux x86-64 only. Every archive URL is bound to its SHA-256.
# platform: linux-64
@EXPLICIT
https://conda.anaconda.org/conda-forge/linux-64/_openmp_mutex-4.5-20_gnu.conda#1dd3fffd892081df9726d7eb7e0dea6198962ba775bd88842135a4ddb4deb3c9
https://conda.anaconda.org/conda-forge/noarch/_python_abi3_support-1.0-hd8ed1ab_3.conda#2a7204314663eeda5dec482a956f0e2eaf289bd5b9953eaaaad0e81aa64638f2
https://conda.anaconda.org/conda-forge/noarch/archspec-0.2.5-pyhd8ed1ab_0.conda#eb68e1ce9e9a148168a4b1e257a8feebffdb0664b557bb526a1e4853f2d2fc00
https://conda.anaconda.org/conda-forge/noarch/attrs-26.1.0-pyhcf101f3_0.conda#1b6124230bb4e571b1b9401537ecff575b7b109cc3a21ee019f65e083b8399ab
https://conda.anaconda.org/conda-forge/linux-64/backports.zstd-1.7.0-py311h6f959d0_0.conda#f58ab17461729d9a246c16e20f02edc415039f31ed6b90edc01661f34e6f8a22
https://conda.anaconda.org/conda-forge/noarch/beautifulsoup4-4.15.0-pyha770c72_0.conda#aed4b9dcf68ec2a75e5645fed14d77fd884d38d2e52bfa6ef4b278d90cd88781
https://conda.anaconda.org/conda-forge/noarch/boltons-26.1.0-pyhd8ed1ab_0.conda#ca44f906756aaa908645c9bcef31a132fc82e7934777aa6bb45c12edada6a58c
https://conda.anaconda.org/conda-forge/linux-64/brotli-python-1.2.0-py311heb3be6f_3.conda#be20776d5755f5ba40c3dc4a768a623881db5c54c3887a03b053c464a95ec261
https://conda.anaconda.org/conda-forge/linux-64/bzip2-1.0.8-hda65f42_10.conda#1a0d382c515ebf55f8ee1f38c8b81bc95af5c2acc42ad53b66bc5df932032f96
https://conda.anaconda.org/conda-forge/linux-64/c-ares-1.34.8-hebe6cf0_2.conda#9c37cc233238adf366ea75b0e845662a5be07ceadf62e458183516369340274b
https://conda.anaconda.org/conda-forge/noarch/ca-certificates-2026.7.22-hbd8a1cb_0.conda#0a0544cf95f64394fe4959286f5c71f5444ad58feb0602e53becb27448d24da6
https://conda.anaconda.org/conda-forge/noarch/certifi-2026.7.22-pyhd8ed1ab_0.conda#fb167de4388e64e52aa3907ed099afab944c1fa6e5f74b281a312dae1bcf7f3b
https://conda.anaconda.org/conda-forge/linux-64/cffi-2.1.1-py311h904a5e5_2.conda#029a3ac9f6747113450219c0ccd2ab7abb1b7b205db1dc4de94324d8f78f1ca1
https://conda.anaconda.org/conda-forge/linux-64/chardet-7.6.0-py311h364832d_1.conda#7c65c89bdf92733e12b6ad7b6193ed3f41dd710647fd889e9de266aa7c6a0fe8
https://conda.anaconda.org/conda-forge/noarch/charset-normalizer-3.5.1-pyhd8ed1ab_0.conda#cb60ef3e0631c8bacb4f7057196dee4496091a22baa3bb4b9bccb12c7e1c921b
https://conda.anaconda.org/conda-forge/linux-64/conda-26.3.2-py311h38be061_1.conda#9e48d9da9d7a6542a467b2d0526468e7918fb11544beb371fc210df943989751
https://conda.anaconda.org/conda-forge/noarch/conda-build-26.7.1-pyh31ec981_1.conda#32f9133d7011adde6dc7f4d1837319584d3451c2d4f28fd077d2cd5eae10e055
https://conda.anaconda.org/conda-forge/noarch/conda-index-0.12.1-pyhd8ed1ab_0.conda#39f8f4b24e6c6b701679949950af3220bcf42bd634a68d63f7d39f64752b79a6
https://conda.anaconda.org/conda-forge/noarch/conda-libmamba-solver-26.4.2-pyhcf101f3_1.conda#98ad6bdd3c87df9d7a3432729a71bcb98c04773ddbeadddc2584ba311a5c2566
https://conda.anaconda.org/conda-forge/noarch/conda-package-handling-2.5.0-pyhcf101f3_0.conda#63d5b510644a01b4c93738304cb0dc8a336542fc335b0b77f3b355ba7d119260
https://conda.anaconda.org/conda-forge/noarch/conda-package-streaming-0.13.0-pyhd8ed1ab_0.conda#af3b666ea6043a146901cd151d6201126bbe19af8307b58fb175015e3710064c
https://conda.anaconda.org/conda-forge/linux-64/cpp-expected-1.3.1-h171cf75_1.conda#6a905f317b93104444dc74875933a7cdf65fa14ae05dd6485ece6ffd9d0b5e89
https://conda.anaconda.org/conda-forge/noarch/cpython-3.11.16-py311hd8ed1ab_0.conda#ae42a3500fb50a7a0400fa9b1a2e794b41cfba38a34e62d6ac0ac784e6549209
https://conda.anaconda.org/conda-forge/noarch/distro-1.9.0-pyhd8ed1ab_1.conda#5603c7d0321963bb9b4030eadabc3fd7ca6103a38475b4e0ed13ed6d97c86f4e
https://conda.anaconda.org/conda-forge/noarch/evalidate-2.0.5-pyhe01879c_0.conda#e98899cec440273341378bcff0e47bc10a5dbdffc0e77a7bc7010ca9189e3b4f
https://conda.anaconda.org/conda-forge/noarch/filelock-3.32.4-pyhd8ed1ab_0.conda#c2c2527101fea8d2fbae3883d3328a4cd225e8fc3f133b49504acb7a8cecf6fe
https://conda.anaconda.org/conda-forge/linux-64/fmt-12.1.0-h76c4fd7_1.conda#25d14a197601fdd616f2e501431b52887e69b31e7defbc1679381d718357ceb7
https://conda.anaconda.org/conda-forge/noarch/frozendict-2.4.7-pyh851646a_2.conda#32b75b9a3097c4156ba5070739bbfdcc0bc23890c0faa0dbff569ecb16b8f44f
https://conda.anaconda.org/conda-forge/linux-64/git-2.55.0-pl5321h5685339_1.conda#ffe825e3ff78876dc5aa28eee791d8d9be4a47157761aa38dbff79e9222b3b8e
https://conda.anaconda.org/conda-forge/noarch/h2-4.4.1-pyhcf101f3_0.conda#307dd6ec90140c3cf4171071b0e5e870abec314f4565c1edd5bc433e942cdcc0
https://conda.anaconda.org/conda-forge/noarch/hpack-4.2.0-pyhd8ed1ab_0.conda#fdcea5d7cb314485d3907192ef024c704311548c5b0cbeb390cd1951051e29d2
https://conda.anaconda.org/conda-forge/noarch/hyperframe-6.1.0-pyhd8ed1ab_0.conda#77af6f5fe8b62ca07d09ac60127a30d9069fdc3c68d6b256754d0ffb1f7779f8
https://conda.anaconda.org/conda-forge/linux-64/icu-78.3-py310h44b86e0_2.conda#9f07834f0c546ab14d885ce0366285f61f44e326c0edd1fc63b8294e113ae432
https://conda.anaconda.org/conda-forge/noarch/idna-3.19-pyhcf101f3_0.conda#1c35a59c1545ad0fdaddf1fbde7bcfa6ef41a8d68c3a2b0b4a291be00676163e
https://conda.anaconda.org/conda-forge/noarch/jinja2-3.1.6-pyhcf101f3_1.conda#fc9ca7348a4f25fed2079f2153ecdcf5f9cf2a0bc36c4172420ca09e1849df7b
https://conda.anaconda.org/conda-forge/noarch/jsonpatch-1.33-pyhd8ed1ab_1.conda#304955757d1fedbe344af43b12b5467cca072f83cce6109361ba942e186b3993
https://conda.anaconda.org/conda-forge/noarch/jsonpointer-3.1.1-pyhcf101f3_0.conda#a3d10301b6ff399ba1f3d39e443664804a3d28315a4fb81e745b6817845f70ae
https://conda.anaconda.org/conda-forge/noarch/jsonschema-4.26.0-pyhcf101f3_1.conda#328756a4555941d57af4a5f553e5d8598e9f3b37db028f557e30f9f0b3086db6
https://conda.anaconda.org/conda-forge/noarch/jsonschema-specifications-2025.9.1-pyhcf101f3_0.conda#0a4f3b132f0faca10c89fdf3b60e15abb62ded6fa80aebfc007d05965192aa04
https://conda.anaconda.org/conda-forge/linux-64/keyutils-1.6.3-h7cc23a3_1.conda#dd053c96dcb0dcfd59422aefea9d2fe937a190167f34fba7893ec1e10a7e8963
https://conda.anaconda.org/conda-forge/linux-64/krb5-1.22.2-hbc21106_2.conda#2a5c38c85e63df84c4e69ee71439841ce570d259ae3060627bb9a49a938d66f4
https://conda.anaconda.org/conda-forge/linux-64/ld_impl_linux-64-2.46.1-default_hbd61a6d_102.conda#27d83f1188cd19bcb7754a078b3fa7f4cfb8527f8eb2fde54dd01fc529d1adec
https://conda.anaconda.org/conda-forge/linux-64/libarchive-3.8.9-gpl_h3152399_101.conda#bfae027a67d02325cd6b75edd60beb67cf24483af9df0ae9ef74d4438e41c806
https://conda.anaconda.org/conda-forge/linux-64/libcurl-8.21.0-ha042cf0_5.conda#0b6cc13e36cf19ae9b764740112fc591682e189c99353be9f72f3d96ccf29d79
https://conda.anaconda.org/conda-forge/linux-64/libedit-3.1.20250104-pl5321h373387f_1.conda#6473eb8caf2aae830f37caa93db9b26dddf7ac84b63229e8bf7fc0e5c3ab95b0
https://conda.anaconda.org/conda-forge/linux-64/libev-4.33-h280c20c_3.conda#e4418f68d01a6307c4431b585c71b584f40189877364e542ee87deb777f5e85b
https://conda.anaconda.org/conda-forge/linux-64/libexpat-2.8.1-hecca717_1.conda#16feffd9ddbbe5b718515d38ee376c685ba95491cd901244e24671d20b952a77
https://conda.anaconda.org/conda-forge/linux-64/libffi-3.7.0-h3435931_0.conda#ac38603008bf1e99b8ed379b1a656a67a70e2841f2b6a069c630cdf6316012d2
https://conda.anaconda.org/conda-forge/linux-64/libgcc-16.2.0-ha9f2e26_4.conda#24090e675d34403b4ee1cd4372d8f6c0937da7ecfd66a19a57cac2ed0f4ea793
https://conda.anaconda.org/conda-forge/linux-64/libgcc-ng-16.2.0-h69a702a_4.conda#d8e66c14e23f2b3c70410cff5979d9d357e6edfb990b28d8e630852f4d395629
https://conda.anaconda.org/conda-forge/linux-64/libgomp-16.2.0-he0feb66_4.conda#0fe5cb8e0752241ab55e11656ed1b9726248b522d23b929fe7c95b83eb55b9bb
https://conda.anaconda.org/conda-forge/linux-64/libiconv-1.18-h0cb94f2_3.conda#f943117edb9cd4d9c61cc972eee5a34291dc55ea7a6e9e38da104995841cbcb6
https://conda.anaconda.org/conda-forge/linux-64/liblief-0.17.6-hecca717_0.conda#7508b34b3748704978e2ef3527e042ff173775527d22b4fa1f6d611210a6841e
https://conda.anaconda.org/conda-forge/linux-64/liblzma-5.8.3-hb03c661_1.conda#9787df8c22a59c9a70d3e5a10db9ad663485e75e9ccc3f09bd092cb7b95e0dab
https://conda.anaconda.org/conda-forge/linux-64/libmamba-2.9.0-py314h3b59866_0.conda#1b9ca94f36f6072ff71550dfaa8dd4106a118bf01f352ed639aef134b462bab6
https://conda.anaconda.org/conda-forge/linux-64/libmamba-spdlog-2.9.0-hf1e253f_0.conda#ddae16548197cf30cf72d700733427cb314ce6fa2921fea7e2922566288de42e
https://conda.anaconda.org/conda-forge/linux-64/libmambapy-2.9.0-py311ha127ff5_0.conda#edc70eaef0481a30e2150aa8388870a835349598b918282f23d09aa55243610f
https://conda.anaconda.org/conda-forge/linux-64/libmsgpack-c-6.1.0-h54a6638_7.conda#c23ac21547d9fac6be14b6b3463dd29fb0fd4aba5c64c4a9876dfa6d2e3158a9
https://conda.anaconda.org/conda-forge/linux-64/libnghttp2-1.68.1-h74cf4be_1.conda#11a2f54a6f391e25738bce0023e6ef499600147bbcf21c1fa69d2e251b03cc6a
https://conda.anaconda.org/conda-forge/linux-64/libnsl-2.0.1-hb9d3cd8_1.conda#927fe72b054277cde6cb82597d0fcf6baf127dcbce2e0a9d8925a68f1265eef5
https://conda.anaconda.org/conda-forge/linux-64/libpsl-0.23.1-hd9e3e90_1.conda#09e8effdc89bc5d021349318d32b85594f5b8d8e3ab8f90a85b81f8fe695a566
https://conda.anaconda.org/conda-forge/linux-64/libsolv-0.7.39-h72ddc62_1.conda#c55a7242db95609b6f0b56b49ef2f5c1796060c0a221bbca3d61fbe19bf05add
https://conda.anaconda.org/conda-forge/linux-64/libsqlite-3.53.4-h13e7031_1.conda#f20d70da54e5b31dd4a51fb1efeaafafd5ab6dd8d7ac9d1438eaa2526ac4ed3d
https://conda.anaconda.org/conda-forge/linux-64/libssh2-1.11.1-h6154650_1.conda#7e463000fa1cba3f3a6597b776f6ab301d425a96e3bc20d0d9d76a3b9f237aa3
https://conda.anaconda.org/conda-forge/linux-64/libstdcxx-16.2.0-h934c35e_4.conda#40b792b0186c1e8859280a1f6f19a54fc50a11b32724fc7b637009c1a9bd302b
https://conda.anaconda.org/conda-forge/linux-64/libuuid-2.42.2-h5347b49_0.conda#9b1bdce27a7e31f7d241aeecff67a1f3101d52a2b1e33ccc2cdf2613072bf81f
https://conda.anaconda.org/conda-forge/linux-64/libxcrypt-4.4.38-h280c20c_0.conda#f7e9292dd219a6435bbb1223da9586c3e70d66d169c5a92f08db3f2127df04e9
https://conda.anaconda.org/conda-forge/linux-64/libxml2-2.15.3-h49c6c72_1.conda#a16a576a5844a3a0e1cdfc5e162b9fe9c64dccf6a93f44c293bb42851aebe2b4
https://conda.anaconda.org/conda-forge/linux-64/libxml2-16-2.15.3-hca6bf5a_1.conda#087d4de023f22d6a28b9e1b818961dd41e9bda6e9793590600ff16ca150bf9cb
https://conda.anaconda.org/conda-forge/linux-64/libzlib-1.3.2-h25fd6f3_3.conda#eb8a0db0aa570124f7d2a93d7c7f596e3390df5e047818d873baad32985fc736
https://conda.anaconda.org/conda-forge/linux-64/lz4-c-1.10.0-hee9eb32_2.conda#b8c0e930183e6b7f83cd35ace102f2b8c2f0faae41dc05255dc72f247dfc556a
https://conda.anaconda.org/conda-forge/linux-64/lzo-2.10-hebe6cf0_1003.conda#a0a1400198e5302d8367f2ed53437ee3cc41dbc463cb481921ce765578780b7a
https://conda.anaconda.org/conda-forge/linux-64/markupsafe-3.0.3-py311h3778330_1.conda#710e207b2e91308a34bcfe547c60ad86c1fa294827266ba18548c1fe1a9d8333
https://conda.anaconda.org/conda-forge/linux-64/mbedtls-3.6.3.1-h5888daf_0.conda#6736158b195d9163adfcdd97e4e80a7a3c166ed534efa2efa27a4b83359b4b1f
https://conda.anaconda.org/conda-forge/linux-64/menuinst-2.5.2-py311hf8ae3fa_1.conda#ac641a9808a0bdf949ff9b0dd11ce38e7c89cc34ec8fc4546e43d39f400603f9
https://conda.anaconda.org/conda-forge/linux-64/msgpack-python-1.2.1-py311h724c32c_1.conda#c973e47a6c8835367ea7d8bee21216bfe24c7d382e9e9594508d8509260aa1c7
https://conda.anaconda.org/conda-forge/linux-64/ncurses-6.6-hdb14827_1.conda#5d46557214ed184381dafe835b7c94a474a1c3b307a08a250b1ea4779b44ffb3
https://conda.anaconda.org/conda-forge/noarch/nlohmann_json-abi-3.12.0-h0f90c79_2.conda#30d271dd63391e053aa3c393c5d93fb622dec5d50a64107171ee28242660608e
https://conda.anaconda.org/conda-forge/linux-64/openssl-3.6.4-h781a0a9_0.conda#4747b2d6a8336f52343bceb8a1ebf41a9e6e665b9d2e3f989972de53a310599e
https://conda.anaconda.org/conda-forge/noarch/packaging-26.3-pyhc364b38_0.conda#c432626b16768b8dab228bfb706f7060c2d462a21c516d240f68f2f902b5a044
https://conda.anaconda.org/conda-forge/linux-64/patch-2.8-h280c20c_1003.conda#5d48e3826015befd1453f015870bd1db1cdcfe29e93001cb2d125b6f7c1da095
https://conda.anaconda.org/conda-forge/linux-64/patchelf-0.19.1-hee9eb32_1.conda#f138da28cd92824eb58ca11b3f9d5d6d32e1cbd31d7f5589ccda1a7398522b6b
https://conda.anaconda.org/conda-forge/linux-64/pcre2-10.47-h8b3dc9c_1.conda#9ebb10a4eb3be51ae67d85c679f5a7a50cb040ed25c783e6331a225ea09991d4
https://conda.anaconda.org/conda-forge/linux-64/perl-5.32.1-7_hd590300_perl5.conda#9ec32b6936b0e37bcb0ed34f22ec3116e75b3c0964f9f50ecea5f58734ed6ce9
https://conda.anaconda.org/conda-forge/noarch/pip-26.2.1-pyh8b19718_0.conda#c205bae42eb11b364fe3663a817cbcbc20a8ef544c6b2ff6f391013487117259
https://conda.anaconda.org/conda-forge/noarch/pkginfo-1.12.1.2-pyhd8ed1ab_0.conda#353fd5a2c3ce31811a6272cd328874eb0d327b1eafd32a1e19001c4ad137ad3a
https://conda.anaconda.org/conda-forge/noarch/platformdirs-4.11.4-pyhcf101f3_0.conda#36596d60d6bc49c4c27f009ab3128c63ea50ac5d67dffc44df05ab3d78bc4669
https://conda.anaconda.org/conda-forge/noarch/pluggy-1.6.0-pyhf9edf01_1.conda#e14aafa63efa0528ca99ba568eaf506eb55a0371d12e6250aaaa61718d2eb62e
https://conda.anaconda.org/conda-forge/linux-64/psutil-7.2.2-py311h194be0f_1.conda#abc26502f920f7dfa36f2934e875d81ec8bfc67ffd1615460c30db2f38670c72
https://conda.anaconda.org/conda-forge/linux-64/py-lief-0.17.6-py311h1ddb823_0.conda#3bf46b5a1b341027923f15c48d9347df5eb1e0405dc1e3785cf18ad6c589ae5e
https://conda.anaconda.org/conda-forge/linux-64/py-rattler-build-0.72.2-py310hb823017_0.conda#5be1376181336333b2d91fa4fb4d356a1b8d4f4acf7693e2aea6f74c95da8353
https://conda.anaconda.org/conda-forge/noarch/pybind11-abi-11-hc364b38_1.conda#9e7fe12f727acd2787fb5816b2049cef4604b7a00ad3e408c5e709c298ce8bf1
https://conda.anaconda.org/conda-forge/linux-64/pycosat-0.6.6-py311h49ec1c0_4.conda#3997214d892b61789ff3f20337c23d5d0d1b241ee0e3aded4ac1c52457e47072
https://conda.anaconda.org/conda-forge/noarch/pycparser-3.0-pyhcf101f3_0.conda#e27e0473fc6723311a0bd48b89b616fa1b996a2f7a2b555338cbbcfb9c640568
https://conda.anaconda.org/conda-forge/noarch/pysocks-1.7.1-pyha55dd90_7.conda#ba3b032fa52709ce0d9fd388f63d330a026754587a2f461117cac9ab73d8d0d8
https://conda.anaconda.org/conda-forge/linux-64/python-3.11.16-h8ab3286_0_cpython.conda#16bf00ae05ca86a6dd4ecb19afc238a8c07e09efba9147e2c8b5b9ebd1e12e39
https://conda.anaconda.org/conda-forge/noarch/python-gil-3.11.16-hd8ed1ab_0.conda#5d5148e7c6dfa6d002c11ff9023ffb833394dcbda36b226a5040fcdbc1d75e29
https://conda.anaconda.org/conda-forge/noarch/python-libarchive-c-5.3-pyhe01879c_1.conda#1d95b449b0574dc9905ba575a7c1e2fdf8b42129b488407a95afa80fde97c9c8
https://conda.anaconda.org/conda-forge/noarch/python_abi-3.11-8_cp311.conda#fddf123692aa4b1fc48f0471e346400d9852d96eeed77dbfdd746fa50a8ff894
https://conda.anaconda.org/conda-forge/linux-64/pyyaml-6.0.3-py311h3778330_1.conda#c9a6cd2c290d7c3d2b30ea34a0ccda30f770e8ddb2937871f2c404faf60d0050
https://conda.anaconda.org/conda-forge/linux-64/readline-8.3-hd6e31c0_1.conda#01b3fe073a66e321970d09e04b388708f8cbdca5cdfbfcb7c9eeb470ad10383d
https://conda.anaconda.org/conda-forge/noarch/referencing-0.37.0-pyhcf101f3_0.conda#0577eedfb347ff94d0f2fa6c052c502989b028216996b45c7f21236f25864414
https://conda.anaconda.org/conda-forge/linux-64/reproc-14.2.7.post0-h54a6638_2.conda#d217fcb9c5a3a532b6e00896613a117004cdc48883ef5047642346614375a9a4
https://conda.anaconda.org/conda-forge/linux-64/reproc-cpp-14.2.7.post0-h50b1954_2.conda#d523da96c07cfde82b8c11cf84a25f79b8b6e8485298c54ee974e9fbad8b81fe
https://conda.anaconda.org/conda-forge/noarch/requests-2.34.2-pyhcf101f3_0.conda#1715246b19c9f85ee022933b4845f2fc14ac9184981b7b7d9b728bec8e9588da
https://conda.anaconda.org/conda-forge/linux-64/ripgrep-15.2.0-hf19af3b_1.conda#47922fad56e78fbcda015396644a0dbe7ffda1313a1047f74709905679835f57
https://conda.anaconda.org/conda-forge/linux-64/rpds-py-2026.6.3-py311ha6e1976_0.conda#424cea2ffd94448a6a3202c624b693d2d4db6bedce39f4ab06e9830b3f1bcd4f
https://conda.anaconda.org/conda-forge/linux-64/ruamel.yaml-0.18.17-py311haee01d2_2.conda#5324d0353c9cca813501ea9b20186f8e6835cd4ff6e4dfa897c5faeecce8cdaa
https://conda.anaconda.org/conda-forge/linux-64/ruamel.yaml.clib-0.2.15-py311h194be0f_2.conda#5cba5f83bbd05095c18107e6d50d9a9fc3b30eeec0838702ba695609fd67a513
https://conda.anaconda.org/conda-forge/noarch/setuptools-84.0.0-pyh332efcf_0.conda#9e200ee5f9ff19a4d94e4b51c4856d53dec849f91032f345cf0c6bc3d51a7183
https://conda.anaconda.org/conda-forge/linux-64/simdjson-4.6.8-h4dbf13b_0.conda#a223dd479652817008d812cf62edc620ed465c7b121958f9c7af861f680cf7d0
https://conda.anaconda.org/conda-forge/noarch/soupsieve-2.9.2-pyhd8ed1ab_0.conda#056d7a2e91e303a9ee37e580f6dde0511fc3fb72476581cc337aacf2cc747613
https://conda.anaconda.org/conda-forge/linux-64/spdlog-1.17.0-hb6aa676_2.conda#5fca627690d56c6f87a9dabafceee54cb75d7da392309bb080333948c048365a
https://conda.anaconda.org/conda-forge/linux-64/tk-8.6.13-noxft_h1df4ec4_4.conda#a1a241d172c1ccab067ba245206dd048bc3c2d1b84504b53c9468e99adfc16a1
https://conda.anaconda.org/conda-forge/noarch/tomli-w-1.2.0-pyhd8ed1ab_0.conda#304834f2438017921d69f05b3f5a6394b42dc89a90a6128a46acbf8160d377f6
https://conda.anaconda.org/conda-forge/noarch/tqdm-4.70.0-pyh8f84b5b_0.conda#a4d9e9da15b13f1ab047e7db412e2ed564bc615832e80213cf129b973c3abf4a
https://conda.anaconda.org/conda-forge/noarch/truststore-0.10.4-pyhcf101f3_0.conda#eece5be81588c39a855a0b70da84e0febb878a6d91dd27d6d21370ce9e5c5a46
https://conda.anaconda.org/conda-forge/noarch/typing-extensions-4.16.0-h69aa097_0.conda#b141933ece3518f6d7b75dfb59451e2f26b405a44c18e2518a83e9a02e09315c
https://conda.anaconda.org/conda-forge/noarch/typing_extensions-4.16.0-pyhcf101f3_0.conda#2d888f90af0686044882c74193ec80a90ec1943145d94a7b1b048958acda1848
https://conda.anaconda.org/conda-forge/noarch/tzdata-2026c-h151e31d_0.conda#b928c30ddcb0e3f544c6eade8352737e6e610e263276b90232db6a578ef899d8
https://conda.anaconda.org/conda-forge/noarch/urllib3-2.7.0-pyhd8ed1ab_0.conda#feff959a816f7988a0893201aa9727bbb7ee1e9cec2c4f0428269b489eb93fb4
https://conda.anaconda.org/conda-forge/noarch/wheel-0.48.0-pyhd8ed1ab_0.conda#ba64b29b6d418024cb565081a1799262cb2780d2534ff4c14f76aa858c4286cd
https://conda.anaconda.org/conda-forge/linux-64/yaml-0.2.5-hebe6cf0_3.conda#d164dfa75ecd538f6fd68765defcc06aa875bc697b9b215362d79a2a73125dd0
https://conda.anaconda.org/conda-forge/linux-64/yaml-cpp-0.8.0-h54a6638_1.conda#425808ebd2a20bfc460995293995e1fa0510e93c300535e2ec3622bd3d84288c
https://conda.anaconda.org/conda-forge/linux-64/zstandard-0.25.0-py311h194be0f_2.conda#8feb597dd71e6e0262227f495ba73fc24ea5745ed500146fc848b6319b2164d5
https://conda.anaconda.org/conda-forge/linux-64/zstd-1.5.7-hb78ec9c_7.conda#47d682b9f6d6ec9eb1a6e6c3e75ea6273e899e78fb7fc59f81d39745009fbc60
